// !$*UTF8*$!
{
	archiveVersion = 1;
	classes = {
	};
	objectVersion = 46;
	objects = {

/* Begin PBXBuildFile section */
		165D2B012DAD434C88132AE8 /* libPods-PBTOSXSpecs.a in Frameworks */ = {isa = PBXBuildFile; fileRef = 77BAA3674CD14BCA971CCA79 /* libPods-PBTOSXSpecs.a */; };
		18467B895BA56530D5998FCA /* libPods-PBTSpecs.a in Frameworks */ = {isa = PBXBuildFile; fileRef = 438E463FF96642B589CA99D1 /* libPods-PBTSpecs.a */; };
		1F2A94F71997383300471B24 /* PBTTransition.m in Sources */ = {isa = PBXBuildFile; fileRef = 1F2A94F51997383300471B24 /* PBTTransition.m */; };
		1F3462661924780800AE515C /* PBTConstantRandom.m in Sources */ = {isa = PBXBuildFile; fileRef = 31B73E4FFE7B868F0EA1A6D3 /* PBTConstantRandom.m */; };
		1F3462671924780800AE515C /* PBTDeterministicRandom.mm in Sources */ = {isa = PBXBuildFile; fileRef = 31B7367B3E11AD0DC06F6595 /* PBTDeterministicRandom.mm */; };
		1F35BC1F198D824600BEA6E1 /* PBTNamedGenerator.m in Sources */ = {isa = PBXBuildFile; fileRef = 1F35BC1E198D824600BEA6E1 /* PBTNamedGenerator.m */; };
		1F35BC20198D824A00BEA6E1 /* PBTNamedGenerator.m in Sources */ = {isa = PBXBuildFile; fileRef = 1F35BC1E198D824600BEA6E1 /* PBTNamedGenerator.m */; };
		1F35BC23198D838300BEA6E1 /* PBTStringGenerator.m in Sources */ = {isa = PBXBuildFile; fileRef = 1F35BC22198D838300BEA6E1 /* PBTStringGenerator.m */; };
		1F35BC24198D838300BEA6E1 /* PBTStringGenerator.m in Sources */ = {isa = PBXBuildFile; fileRef = 1F35BC22198D838300BEA6E1 /* PBTStringGenerator.m */; };
		1F35BC27198D881900BEA6E1 /* PBTArrayGenerator.m in Sources */ = {isa = PBXBuildFile; fileRef = 1F35BC26198D881900BEA6E1 /* PBTArrayGenerator.m */; };
		1F35BC28198D881900BEA6E1 /* PBTArrayGenerator.m in Sources */ = {isa = PBXBuildFile; fileRef = 1F35BC26198D881900BEA6E1 /* PBTArrayGenerator.m */; };
		1F35BC2B198D89DF00BEA6E1 /* PBTTupleGenerator.m in Sources */ = {isa = PBXBuildFile; fileRef = 1F35BC2A198D89DF00BEA6E1 /* PBTTupleGenerator.m */; };
		1F35BC2C198D89DF00BEA6E1 /* PBTTupleGenerator.m in Sources */ = {isa = PBXBuildFile; fileRef = 1F35BC2A198D89DF00BEA6E1 /* PBTTupleGenerator.m */; };
		1F35BC2F198DB6AA00BEA6E1 /* PBTTupleGeneratorSpec.mm in Sources */ = {isa = PBXBuildFile; fileRef = 1F35BC2D198DB6AA00BEA6E1 /* PBTTupleGeneratorSpec.mm */; };
		1F35BC32198DF48A00BEA6E1 /* PBTChooseSpec.mm in Sources */ = {isa = PBXBuildFile; fileRef = 1F35BC30198DF48A00BEA6E1 /* PBTChooseSpec.mm */; };
		1F35BC35198DF77400BEA6E1 /* PBTCharacterSpec.mm in Sources */ = {isa = PBXBuildFile; fileRef = 1F35BC33198DF77400BEA6E1 /* PBTCharacterSpec.mm */; };
		1F35BC38198F78C200BEA6E1 /* PBTRoseTreeSpec.mm in Sources */ = {isa = PBXBuildFile; fileRef = 1F35BC36198F78C200BEA6E1 /* PBTRoseTreeSpec.mm */; };
		1F35BC3B198F7C9A00BEA6E1 /* PBTBlockGenerator.m in Sources */ = {isa = PBXBuildFile; fileRef = 1F35BC3A198F7C9A00BEA6E1 /* PBTBlockGenerator.m */; };
		1F35BC3C198F7C9A00BEA6E1 /* PBTBlockGenerator.m in Sources */ = {isa = PBXBuildFile; fileRef = 1F35BC3A198F7C9A00BEA6E1 /* PBTBlockGenerator.m */; };
		1F35BC421990CA5600BEA6E1 /* PBTDebugReporter.m in Sources */ = {isa = PBXBuildFile; fileRef = 1F35BC3F1990CA5600BEA6E1 /* PBTDebugReporter.m */; };
		1F35BC431990CA5600BEA6E1 /* PBTDebugReporter.m in Sources */ = {isa = PBXBuildFile; fileRef = 1F35BC3F1990CA5600BEA6E1 /* PBTDebugReporter.m */; };
		1F35BC441990CA5600BEA6E1 /* PBTStandardReporter.m in Sources */ = {isa = PBXBuildFile; fileRef = 1F35BC411990CA5600BEA6E1 /* PBTStandardReporter.m */; };
		1F35BC451990CA5600BEA6E1 /* PBTStandardReporter.m in Sources */ = {isa = PBXBuildFile; fileRef = 1F35BC411990CA5600BEA6E1 /* PBTStandardReporter.m */; };
		1F4187FB1975108000FEBB8D /* PBTRunner.m in Sources */ = {isa = PBXBuildFile; fileRef = 1F4187FA1975108000FEBB8D /* PBTRunner.m */; };
		1F4187FC1975187000FEBB8D /* PBTRunner.m in Sources */ = {isa = PBXBuildFile; fileRef = 1F4187FA1975108000FEBB8D /* PBTRunner.m */; };
		1F4187FF19751BB700FEBB8D /* PBTRunnerResult.m in Sources */ = {isa = PBXBuildFile; fileRef = 1F4187FE19751BB700FEBB8D /* PBTRunnerResult.m */; };
		1F41880019751F0900FEBB8D /* PBTRunnerResult.m in Sources */ = {isa = PBXBuildFile; fileRef = 1F4187FE19751BB700FEBB8D /* PBTRunnerResult.m */; };
		1F46E50C198CAFAD00F87028 /* PBTPureGenerator.m in Sources */ = {isa = PBXBuildFile; fileRef = 1F46E50B198CAFAD00F87028 /* PBTPureGenerator.m */; };
		1F46E50D198CAFAD00F87028 /* PBTPureGenerator.m in Sources */ = {isa = PBXBuildFile; fileRef = 1F46E50B198CAFAD00F87028 /* PBTPureGenerator.m */; };
		1F46E510198CB2E800F87028 /* PBTMapGenerator.m in Sources */ = {isa = PBXBuildFile; fileRef = 1F46E50F198CB2E800F87028 /* PBTMapGenerator.m */; };
		1F46E511198CB2E800F87028 /* PBTMapGenerator.m in Sources */ = {isa = PBXBuildFile; fileRef = 1F46E50F198CB2E800F87028 /* PBTMapGenerator.m */; };
		1F46E514198CB4C000F87028 /* PBTBindGenerator.m in Sources */ = {isa = PBXBuildFile; fileRef = 1F46E513198CB4C000F87028 /* PBTBindGenerator.m */; };
		1F46E515198CB4C000F87028 /* PBTBindGenerator.m in Sources */ = {isa = PBXBuildFile; fileRef = 1F46E513198CB4C000F87028 /* PBTBindGenerator.m */; };
		1F46E518198CB63200F87028 /* PBTSizedGenerator.m in Sources */ = {isa = PBXBuildFile; fileRef = 1F46E517198CB63200F87028 /* PBTSizedGenerator.m */; };
		1F46E519198CB63200F87028 /* PBTSizedGenerator.m in Sources */ = {isa = PBXBuildFile; fileRef = 1F46E517198CB63200F87028 /* PBTSizedGenerator.m */; };
		1F46E51C198CB78000F87028 /* PBTChooseGenerator.m in Sources */ = {isa = PBXBuildFile; fileRef = 1F46E51B198CB78000F87028 /* PBTChooseGenerator.m */; };
		1F46E51D198CB78000F87028 /* PBTChooseGenerator.m in Sources */ = {isa = PBXBuildFile; fileRef = 1F46E51B198CB78000F87028 /* PBTChooseGenerator.m */; };
		1F46E520198CBAF100F87028 /* PBTSequenceGenerator.m in Sources */ = {isa = PBXBuildFile; fileRef = 1F46E51F198CBAF100F87028 /* PBTSequenceGenerator.m */; };
		1F46E521198CBAF100F87028 /* PBTSequenceGenerator.m in Sources */ = {isa = PBXBuildFile; fileRef = 1F46E51F198CBAF100F87028 /* PBTSequenceGenerator.m */; };
		1F50188B1991D37A001AB3A9 /* PBTQueue.m in Sources */ = {isa = PBXBuildFile; fileRef = 1F5018891991D37A001AB3A9 /* PBTQueue.m */; };
		1F50188E1991D406001AB3A9 /* PBTFiniteStateMachineSpec.mm in Sources */ = {isa = PBXBuildFile; fileRef = 1F50188C1991D406001AB3A9 /* PBTFiniteStateMachineSpec.mm */; };
		1F5018951991D708001AB3A9 /* PBTFiniteStateMachine.m in Sources */ = {isa = PBXBuildFile; fileRef = 1F5018941991D708001AB3A9 /* PBTFiniteStateMachine.m */; };
		1F59A81E196E900B00957FAA /* NSArray+FastEnumerator.m in Sources */ = {isa = PBXBuildFile; fileRef = 1F59A81C196E900B00957FAA /* NSArray+FastEnumerator.m */; };
		1F6016101919DCE0003D8484 /* Foundation.framework in Frameworks */ = {isa = PBXBuildFile; fileRef = 1F60160F1919DCE0003D8484 /* Foundation.framework */; };
		1F61E451196E88A6003EA164 /* PBTReturnSpec.mm in Sources */ = {isa = PBXBuildFile; fileRef = 1F61E44F196E88A6003EA164 /* PBTReturnSpec.mm */; };
		1F61E457196E8AEF003EA164 /* PBTSequenceSpec.mm in Sources */ = {isa = PBXBuildFile; fileRef = 1F61E455196E8AEF003EA164 /* PBTSequenceSpec.mm */; };
		1F6C41231A131D56003B6C83 /* PBTGenericGenerators.m in Sources */ = {isa = PBXBuildFile; fileRef = 1F6C41221A131D56003B6C83 /* PBTGenericGenerators.m */; };
		1F6C41251A14736F003B6C83 /* PBTGenericSpec.mm in Sources */ = {isa = PBXBuildFile; fileRef = 1F6C41241A14736F003B6C83 /* PBTGenericSpec.mm */; };
		1F6C41261A14736F003B6C83 /* PBTGenericSpec.mm in Sources */ = {isa = PBXBuildFile; fileRef = 1F6C41241A14736F003B6C83 /* PBTGenericSpec.mm */; };
		1F6C41271A147431003B6C83 /* PBTGenericGenerators.m in Sources */ = {isa = PBXBuildFile; fileRef = 1F6C41221A131D56003B6C83 /* PBTGenericGenerators.m */; };
		1F6C412A1A147B3D003B6C83 /* PBTDSL.m in Sources */ = {isa = PBXBuildFile; fileRef = 1F6C41291A147B3D003B6C83 /* PBTDSL.m */; };
		1F6C412B1A147B3D003B6C83 /* PBTDSL.m in Sources */ = {isa = PBXBuildFile; fileRef = 1F6C41291A147B3D003B6C83 /* PBTDSL.m */; };
		1F7EFA2A191B63970074B028 /* Foundation.framework in Frameworks */ = {isa = PBXBuildFile; fileRef = 1F60160F1919DCE0003D8484 /* Foundation.framework */; };
		1F7EFA32191B63980074B028 /* main.m in Sources */ = {isa = PBXBuildFile; fileRef = 1F7EFA31191B63980074B028 /* main.m */; };
		1F848B431977965500F0966E /* PBTPositiveIntegerSpec.mm in Sources */ = {isa = PBXBuildFile; fileRef = 1F848B411977965500F0966E /* PBTPositiveIntegerSpec.mm */; };
		1F848B4619779F6600F0966E /* PBTNegativeIntegerSpec.mm in Sources */ = {isa = PBXBuildFile; fileRef = 1F848B4419779F6600F0966E /* PBTNegativeIntegerSpec.mm */; };
		1F848B4A1977B8F100F0966E /* PBTArraySpec.mm in Sources */ = {isa = PBXBuildFile; fileRef = 1F848B481977B8F100F0966E /* PBTArraySpec.mm */; };
		1F8FDBEC1987773F0059D31A /* PBTConcreteSequence.m in Sources */ = {isa = PBXBuildFile; fileRef = 1F8FDBE91987773F0059D31A /* PBTConcreteSequence.m */; };
		1F8FDBED1987773F0059D31A /* PBTConcreteSequence.m in Sources */ = {isa = PBXBuildFile; fileRef = 1F8FDBE91987773F0059D31A /* PBTConcreteSequence.m */; };
		1F8FDBEE1987773F0059D31A /* PBTLazySequence.m in Sources */ = {isa = PBXBuildFile; fileRef = 1F8FDBEB1987773F0059D31A /* PBTLazySequence.m */; };
		1F8FDBEF1987773F0059D31A /* PBTLazySequence.m in Sources */ = {isa = PBXBuildFile; fileRef = 1F8FDBEB1987773F0059D31A /* PBTLazySequence.m */; };
		1F8FDBF2198777540059D31A /* PBTSequenceEnumerator.m in Sources */ = {isa = PBXBuildFile; fileRef = 1F8FDBF1198777540059D31A /* PBTSequenceEnumerator.m */; };
		1F8FDBF3198777540059D31A /* PBTSequenceEnumerator.m in Sources */ = {isa = PBXBuildFile; fileRef = 1F8FDBF1198777540059D31A /* PBTSequenceEnumerator.m */; };
		1F8FDBFB1988B4BA0059D31A /* PBTSpecHelper.m in Sources */ = {isa = PBXBuildFile; fileRef = 1F8FDBF91988B4BA0059D31A /* PBTSpecHelper.m */; };
		1F8FDBFE1989F9DD0059D31A /* PBTSetSpec.mm in Sources */ = {isa = PBXBuildFile; fileRef = 1F8FDBFC1989F9DD0059D31A /* PBTSetSpec.mm */; };
		1F8FDC011989FE530059D31A /* PBTDictionarySpec.mm in Sources */ = {isa = PBXBuildFile; fileRef = 1F8FDBFF1989FE530059D31A /* PBTDictionarySpec.mm */; };
		1F8FDC041989FED70059D31A /* PBTStringSpec.mm in Sources */ = {isa = PBXBuildFile; fileRef = 1F8FDC021989FED70059D31A /* PBTStringSpec.mm */; };
		1F9BA1931A11CFA90053B3C5 /* libPBT.a in Frameworks */ = {isa = PBXBuildFile; fileRef = 1F60160C1919DCE0003D8484 /* libPBT.a */; };
		1F9BA1991A11CFB70053B3C5 /* PBTArraySpec.mm in Sources */ = {isa = PBXBuildFile; fileRef = 1F848B481977B8F100F0966E /* PBTArraySpec.mm */; };
		1F9BA19A1A11CFB70053B3C5 /* PBTChooseSpec.mm in Sources */ = {isa = PBXBuildFile; fileRef = 1F35BC30198DF48A00BEA6E1 /* PBTChooseSpec.mm */; };
		1F9BA19B1A11CFB70053B3C5 /* PBTDictionarySpec.mm in Sources */ = {isa = PBXBuildFile; fileRef = 1F8FDBFF1989FE530059D31A /* PBTDictionarySpec.mm */; };
		1F9BA19C1A11CFB70053B3C5 /* PBTIntegerSpec.mm in Sources */ = {isa = PBXBuildFile; fileRef = 1FF5B93519737D4600416383 /* PBTIntegerSpec.mm */; };
		1F9BA19D1A11CFB70053B3C5 /* PBTNegativeIntegerSpec.mm in Sources */ = {isa = PBXBuildFile; fileRef = 1F848B4419779F6600F0966E /* PBTNegativeIntegerSpec.mm */; };
		1F9BA19E1A11CFB70053B3C5 /* PBTPositiveIntegerSpec.mm in Sources */ = {isa = PBXBuildFile; fileRef = 1F848B411977965500F0966E /* PBTPositiveIntegerSpec.mm */; };
		1F9BA19F1A11CFB70053B3C5 /* PBTReturnSpec.mm in Sources */ = {isa = PBXBuildFile; fileRef = 1F61E44F196E88A6003EA164 /* PBTReturnSpec.mm */; };
		1F9BA1A01A11CFB70053B3C5 /* PBTSetSpec.mm in Sources */ = {isa = PBXBuildFile; fileRef = 1F8FDBFC1989F9DD0059D31A /* PBTSetSpec.mm */; };
		1F9BA1A11A11CFB70053B3C5 /* PBTStringSpec.mm in Sources */ = {isa = PBXBuildFile; fileRef = 1F8FDC021989FED70059D31A /* PBTStringSpec.mm */; };
		1F9BA1A21A11CFB70053B3C5 /* PBTTupleGeneratorSpec.mm in Sources */ = {isa = PBXBuildFile; fileRef = 1F35BC2D198DB6AA00BEA6E1 /* PBTTupleGeneratorSpec.mm */; };
		1F9BA1A31A11CFB70053B3C5 /* PBTCharacterSpec.mm in Sources */ = {isa = PBXBuildFile; fileRef = 1F35BC33198DF77400BEA6E1 /* PBTCharacterSpec.mm */; };
		1F9BA1A41A11CFB70053B3C5 /* PBTFiniteStateMachineSpec.mm in Sources */ = {isa = PBXBuildFile; fileRef = 1F50188C1991D406001AB3A9 /* PBTFiniteStateMachineSpec.mm */; };
		1F9BA1A51A11CFB70053B3C5 /* PBTSuchThatSpec.mm in Sources */ = {isa = PBXBuildFile; fileRef = 1FA94A35199606F800803AF3 /* PBTSuchThatSpec.mm */; };
		1F9BA1A61A11CFB70053B3C5 /* PBTPropertySpec.mm in Sources */ = {isa = PBXBuildFile; fileRef = 31B73C759823AC30AE97B012 /* PBTPropertySpec.mm */; };
		1F9BA1A71A11D0410053B3C5 /* NSArray+FastEnumerator.m in Sources */ = {isa = PBXBuildFile; fileRef = 1F59A81C196E900B00957FAA /* NSArray+FastEnumerator.m */; };
		1F9BA1A81A11D0460053B3C5 /* PBTQueue.m in Sources */ = {isa = PBXBuildFile; fileRef = 1F5018891991D37A001AB3A9 /* PBTQueue.m */; };
		1F9BA1A91A11D0460053B3C5 /* PBTQueueAddTransition.m in Sources */ = {isa = PBXBuildFile; fileRef = 31B73029745CB5B325095CB3 /* PBTQueueAddTransition.m */; };
		1F9BA1AA1A11D0460053B3C5 /* PBTQueueRemoveTransition.m in Sources */ = {isa = PBXBuildFile; fileRef = 31B73BE31D123C54907C7EE3 /* PBTQueueRemoveTransition.m */; };
		1F9BA1AB1A11D0460053B3C5 /* PBTSpecHelper.m in Sources */ = {isa = PBXBuildFile; fileRef = 1F8FDBF91988B4BA0059D31A /* PBTSpecHelper.m */; };
		1F9BA1AC1A11D04C0053B3C5 /* PBTRandomSpec.mm in Sources */ = {isa = PBXBuildFile; fileRef = 1F35BC471990CB6400BEA6E1 /* PBTRandomSpec.mm */; };
		1F9BA1AD1A11D04D0053B3C5 /* PBTRandomSpec.mm in Sources */ = {isa = PBXBuildFile; fileRef = 1F35BC471990CB6400BEA6E1 /* PBTRandomSpec.mm */; };
		1F9BA1AE1A11D0520053B3C5 /* PBTSequenceSpec.mm in Sources */ = {isa = PBXBuildFile; fileRef = 1F61E455196E8AEF003EA164 /* PBTSequenceSpec.mm */; };
		1F9BA1AF1A11D0520053B3C5 /* PBTRoseTreeSpec.mm in Sources */ = {isa = PBXBuildFile; fileRef = 1F35BC36198F78C200BEA6E1 /* PBTRoseTreeSpec.mm */; };
		1F9BA1B01A11D2520053B3C5 /* PBTTransition.m in Sources */ = {isa = PBXBuildFile; fileRef = 1F2A94F51997383300471B24 /* PBTTransition.m */; };
		1F9BDD9719EA501500BAF25E /* PBTExecutedCommand.m in Sources */ = {isa = PBXBuildFile; fileRef = 1F9BDD9619EA501500BAF25E /* PBTExecutedCommand.m */; };
		1F9BDD9919EA54F400BAF25E /* PBTFiniteStateMachine.m in Sources */ = {isa = PBXBuildFile; fileRef = 1F5018941991D708001AB3A9 /* PBTFiniteStateMachine.m */; };
		1F9BDD9A19EA54FB00BAF25E /* PBTExecutedCommand.m in Sources */ = {isa = PBXBuildFile; fileRef = 1F9BDD9619EA501500BAF25E /* PBTExecutedCommand.m */; };
		1FA0002A19EB0F71008BB037 /* PBTArray.m in Sources */ = {isa = PBXBuildFile; fileRef = 1FA0002919EB0F71008BB037 /* PBTArray.m */; };
		1FA0002B19EB0F71008BB037 /* PBTArray.m in Sources */ = {isa = PBXBuildFile; fileRef = 1FA0002919EB0F71008BB037 /* PBTArray.m */; };
		1FA94A37199606F800803AF3 /* PBTSuchThatSpec.mm in Sources */ = {isa = PBXBuildFile; fileRef = 1FA94A35199606F800803AF3 /* PBTSuchThatSpec.mm */; };
		1FA94A3A199609D000803AF3 /* PBTSuchThatGenerator.m in Sources */ = {isa = PBXBuildFile; fileRef = 1FA94A39199609D000803AF3 /* PBTSuchThatGenerator.m */; };
		1FA94A3B199609D000803AF3 /* PBTSuchThatGenerator.m in Sources */ = {isa = PBXBuildFile; fileRef = 1FA94A39199609D000803AF3 /* PBTSuchThatGenerator.m */; };
		1FC3B983191B663600AA359B /* PBTPropertySpec.mm in Sources */ = {isa = PBXBuildFile; fileRef = 31B73C759823AC30AE97B012 /* PBTPropertySpec.mm */; };
		1FF5B93719737D4600416383 /* PBTIntegerSpec.mm in Sources */ = {isa = PBXBuildFile; fileRef = 1FF5B93519737D4600416383 /* PBTIntegerSpec.mm */; };
		1FF5B93E1973BD9000416383 /* PBTRoseTree.m in Sources */ = {isa = PBXBuildFile; fileRef = 1FF5B93D1973BD9000416383 /* PBTRoseTree.m */; };
		1FF5B93F1973BD9000416383 /* PBTRoseTree.m in Sources */ = {isa = PBXBuildFile; fileRef = 1FF5B93D1973BD9000416383 /* PBTRoseTree.m */; };
		31B7306F3DE18171A4D1A2CE /* PBTSetGenerators.m in Sources */ = {isa = PBXBuildFile; fileRef = 31B732DF762CE64B6BE7A599 /* PBTSetGenerators.m */; };
		31B73119A5F87531FA87A8B0 /* PBTArrayGenerators.m in Sources */ = {isa = PBXBuildFile; fileRef = 31B73F4A43C962308369B5A9 /* PBTArrayGenerators.m */; };
		31B734BDF31AF37ACAA7EF5A /* PBTPropertyResult.m in Sources */ = {isa = PBXBuildFile; fileRef = 31B73D791208A96A73A2FB89 /* PBTPropertyResult.m */; };
		31B734C77CE50AF2827BA35C /* PBTPropertyResult.m in Sources */ = {isa = PBXBuildFile; fileRef = 31B73D791208A96A73A2FB89 /* PBTPropertyResult.m */; };
		31B734FE326DCB9B9291BC68 /* PBTPropertyGenerators.m in Sources */ = {isa = PBXBuildFile; fileRef = 31B73CE3BB0FE0A496DEA102 /* PBTPropertyGenerators.m */; settings = {COMPILER_FLAGS = "-fobjc-arc-exceptions"; }; };
		31B735B7CCFCD90D521378FC /* PBTCommand.m in Sources */ = {isa = PBXBuildFile; fileRef = 31B73C0260617192E88A3392 /* PBTCommand.m */; };
		31B7361BAB18DA6C12732177 /* PBTSetGenerators.m in Sources */ = {isa = PBXBuildFile; fileRef = 31B732DF762CE64B6BE7A599 /* PBTSetGenerators.m */; };
		31B7363E1AD3352531CA1171 /* PBTNumericGenerators.m in Sources */ = {isa = PBXBuildFile; fileRef = 31B73F0233EF475592DC4F26 /* PBTNumericGenerators.m */; };
		31B73751373E8DF9C946EFA9 /* PBTStringGenerators.m in Sources */ = {isa = PBXBuildFile; fileRef = 31B73E288878A28D1FD44435 /* PBTStringGenerators.m */; };
		31B737BB9E0AE122DAE8BF70 /* PBTQueueRemoveTransition.m in Sources */ = {isa = PBXBuildFile; fileRef = 31B73BE31D123C54907C7EE3 /* PBTQueueRemoveTransition.m */; };
		31B737D3CDD59A39BFB48F0D /* PBTArrayGenerators.m in Sources */ = {isa = PBXBuildFile; fileRef = 31B73F4A43C962308369B5A9 /* PBTArrayGenerators.m */; };
		31B7391D14C8AD2561D14117 /* PBTSequence.m in Sources */ = {isa = PBXBuildFile; fileRef = 31B733ACE038CF303D9ECC27 /* PBTSequence.m */; };
		31B73925BF4547CBBA83F14E /* PBTDeterministicRandom.mm in Sources */ = {isa = PBXBuildFile; fileRef = 31B7367B3E11AD0DC06F6595 /* PBTDeterministicRandom.mm */; };
		31B739893ED0C6493D0B12C7 /* PBTCoreGenerators.m in Sources */ = {isa = PBXBuildFile; fileRef = 31B73F6A9C93C681CE532804 /* PBTCoreGenerators.m */; };
		31B739F1774AF3BD251555AE /* PBTDictionaryGenerators.m in Sources */ = {isa = PBXBuildFile; fileRef = 31B73FCF31FFF93B1783938C /* PBTDictionaryGenerators.m */; };
		31B739F4E96E95DB627EF8C3 /* PBTCommand.m in Sources */ = {isa = PBXBuildFile; fileRef = 31B73C0260617192E88A3392 /* PBTCommand.m */; };
		31B73A187530BC9FEB4A3631 /* PBTCoreGenerators.m in Sources */ = {isa = PBXBuildFile; fileRef = 31B73F6A9C93C681CE532804 /* PBTCoreGenerators.m */; };
		31B73A5F7884A7DC970148D4 /* PBTPropertyGenerators.m in Sources */ = {isa = PBXBuildFile; fileRef = 31B73CE3BB0FE0A496DEA102 /* PBTPropertyGenerators.m */; settings = {COMPILER_FLAGS = "-fobjc-arc-exceptions"; }; };
		31B73C87EA2A3923327A60FF /* PBTStateMachineGenerators.m in Sources */ = {isa = PBXBuildFile; fileRef = 31B73AAAC1A903382CE73DC4 /* PBTStateMachineGenerators.m */; };
		31B73CC8C2DBD8E91FA49880 /* PBTQueueAddTransition.m in Sources */ = {isa = PBXBuildFile; fileRef = 31B73029745CB5B325095CB3 /* PBTQueueAddTransition.m */; };
		31B73CF6F20CF5FF10AADAD4 /* PBTSequence.m in Sources */ = {isa = PBXBuildFile; fileRef = 31B733ACE038CF303D9ECC27 /* PBTSequence.m */; };
		31B73D53EB506977E8B6D87D /* PBTConstantRandom.m in Sources */ = {isa = PBXBuildFile; fileRef = 31B73E4FFE7B868F0EA1A6D3 /* PBTConstantRandom.m */; };
		31B73D9927A4467233CE38CA /* PBTDictionaryGenerators.m in Sources */ = {isa = PBXBuildFile; fileRef = 31B73FCF31FFF93B1783938C /* PBTDictionaryGenerators.m */; };
		31B73E318D310CCDB7ADB91C /* PBTStateMachineGenerators.m in Sources */ = {isa = PBXBuildFile; fileRef = 31B73AAAC1A903382CE73DC4 /* PBTStateMachineGenerators.m */; };
		31B73FA23522FA7FC4604F7C /* PBTNumericGenerators.m in Sources */ = {isa = PBXBuildFile; fileRef = 31B73F0233EF475592DC4F26 /* PBTNumericGenerators.m */; };
		31B73FAD1A10E9E84AD53ECA /* PBTStringGenerators.m in Sources */ = {isa = PBXBuildFile; fileRef = 31B73E288878A28D1FD44435 /* PBTStringGenerators.m */; };
		DAF3D37E1A1563A8004498D2 /* PBT.h in CopyFiles */ = {isa = PBXBuildFile; fileRef = 31B732EA700E97A90EFBD56F /* PBT.h */; };
		DAF3D3801A1563E6004498D2 /* PBTArray.h in CopyFiles */ = {isa = PBXBuildFile; fileRef = 1FA0002819EB0F71008BB037 /* PBTArray.h */; };
		DAF3D3811A1563E6004498D2 /* PBTCommand.h in CopyFiles */ = {isa = PBXBuildFile; fileRef = 31B73FBA1C97463CD5A8D15D /* PBTCommand.h */; };
		DAF3D3821A1563E6004498D2 /* PBTExecutedCommand.h in CopyFiles */ = {isa = PBXBuildFile; fileRef = 1F9BDD9519EA501500BAF25E /* PBTExecutedCommand.h */; };
		DAF3D3831A1563E6004498D2 /* PBTPropertyResult.h in CopyFiles */ = {isa = PBXBuildFile; fileRef = 31B73AC32A19CA6467FCB298 /* PBTPropertyResult.h */; };
		DAF3D3841A1563E6004498D2 /* PBTRoseTree.h in CopyFiles */ = {isa = PBXBuildFile; fileRef = 1FF5B93C1973BD9000416383 /* PBTRoseTree.h */; };
		DAF3D3851A1563E6004498D2 /* PBTRunnerResult.h in CopyFiles */ = {isa = PBXBuildFile; fileRef = 1F4187FD19751BB700FEBB8D /* PBTRunnerResult.h */; };
		DAF3D3861A1563E6004498D2 /* PBTSequence.h in CopyFiles */ = {isa = PBXBuildFile; fileRef = 31B730183A626AD19A2B366E /* PBTSequence.h */; };
		DAF3D3871A1563E6004498D2 /* PBTTransition.h in CopyFiles */ = {isa = PBXBuildFile; fileRef = 1F2A94F41997383300471B24 /* PBTTransition.h */; };
		DAF3D3881A1563E6004498D2 /* PBTArrayGenerators.h in CopyFiles */ = {isa = PBXBuildFile; fileRef = 31B731E731758B29364363DF /* PBTArrayGenerators.h */; };
		DAF3D3891A1563E6004498D2 /* PBTCoreGenerators.h in CopyFiles */ = {isa = PBXBuildFile; fileRef = 31B736A7992BBD359C72E397 /* PBTCoreGenerators.h */; };
		DAF3D38A1A1563E6004498D2 /* PBTDictionaryGenerators.h in CopyFiles */ = {isa = PBXBuildFile; fileRef = 31B7346B19612B83E717E236 /* PBTDictionaryGenerators.h */; };
		DAF3D38B1A1563E6004498D2 /* PBTFiniteStateMachine.h in CopyFiles */ = {isa = PBXBuildFile; fileRef = 1F5018931991D708001AB3A9 /* PBTFiniteStateMachine.h */; };
		DAF3D38C1A1563E6004498D2 /* PBTGenerator.h in CopyFiles */ = {isa = PBXBuildFile; fileRef = 31B7359D19C07C6410676A13 /* PBTGenerator.h */; };
		DAF3D38D1A1563E6004498D2 /* PBTNumericGenerators.h in CopyFiles */ = {isa = PBXBuildFile; fileRef = 31B73D3849E734CA2A32F5D4 /* PBTNumericGenerators.h */; };
		DAF3D38E1A1563E6004498D2 /* PBTPropertyGenerators.h in CopyFiles */ = {isa = PBXBuildFile; fileRef = 31B73F732828E21A3B5D4FA3 /* PBTPropertyGenerators.h */; };
		DAF3D38F1A1563E6004498D2 /* PBTSetGenerators.h in CopyFiles */ = {isa = PBXBuildFile; fileRef = 31B73FB26FF4BC3AF8F34E33 /* PBTSetGenerators.h */; };
		DAF3D3901A1563E6004498D2 /* PBTStateMachine.h in CopyFiles */ = {isa = PBXBuildFile; fileRef = 31B7303EEEA0827C94541FB4 /* PBTStateMachine.h */; };
		DAF3D3911A1563E6004498D2 /* PBTStateMachineGenerators.h in CopyFiles */ = {isa = PBXBuildFile; fileRef = 31B73F20F954586E20BE9329 /* PBTStateMachineGenerators.h */; };
		DAF3D3921A1563E6004498D2 /* PBTStateTransition.h in CopyFiles */ = {isa = PBXBuildFile; fileRef = 31B73E4270D7E9BB43B88512 /* PBTStateTransition.h */; };
		DAF3D3931A1563E6004498D2 /* PBTStringGenerators.h in CopyFiles */ = {isa = PBXBuildFile; fileRef = 31B73E65793C9A0F5F12FF3B /* PBTStringGenerators.h */; };
		DAF3D3941A1563E6004498D2 /* PBTGenericGenerators.h in CopyFiles */ = {isa = PBXBuildFile; fileRef = 1F6C41211A131D56003B6C83 /* PBTGenericGenerators.h */; };
		DAF3D3951A1563E6004498D2 /* PBTMacros.h in CopyFiles */ = {isa = PBXBuildFile; fileRef = 1F848B471977A75200F0966E /* PBTMacros.h */; };
		DAF3D3961A1563E6004498D2 /* PBTRunner.h in CopyFiles */ = {isa = PBXBuildFile; fileRef = 1F4187F91975108000FEBB8D /* PBTRunner.h */; };
		DAF3D3971A1563E6004498D2 /* PBTConstantRandom.h in CopyFiles */ = {isa = PBXBuildFile; fileRef = 31B7304B35C6D552B28742C9 /* PBTConstantRandom.h */; };
		DAF3D3981A1563E6004498D2 /* PBTDeterministicRandom.h in CopyFiles */ = {isa = PBXBuildFile; fileRef = 31B733656606413AC3D482E3 /* PBTDeterministicRandom.h */; };
		DAF3D3991A1563E6004498D2 /* PBTRandom.h in CopyFiles */ = {isa = PBXBuildFile; fileRef = 31B73282B254E07DFC8B2073 /* PBTRandom.h */; };
		DAF3D39A1A1563E6004498D2 /* PBTDebugReporter.h in CopyFiles */ = {isa = PBXBuildFile; fileRef = 1F35BC3E1990CA5600BEA6E1 /* PBTDebugReporter.h */; };
		DAF3D39B1A1563E6004498D2 /* PBTStandardReporter.h in CopyFiles */ = {isa = PBXBuildFile; fileRef = 1F35BC401990CA5600BEA6E1 /* PBTStandardReporter.h */; };
		DAF3D39C1A1563E6004498D2 /* PBTReporter.h in CopyFiles */ = {isa = PBXBuildFile; fileRef = 31B739B35946B2CB1FD5C6DC /* PBTReporter.h */; };
		DAF3D39D1A1563E6004498D2 /* PBTDSL.h in CopyFiles */ = {isa = PBXBuildFile; fileRef = 1F6C41281A147B3D003B6C83 /* PBTDSL.h */; };
/* End PBXBuildFile section */

/* Begin PBXContainerItemProxy section */
		1F9BA1941A11CFA90053B3C5 /* PBXContainerItemProxy */ = {
			isa = PBXContainerItemProxy;
			containerPortal = 1F6016041919DCE0003D8484 /* Project object */;
			proxyType = 1;
			remoteGlobalIDString = 1F60160B1919DCE0003D8484;
			remoteInfo = PBT;
		};
/* End PBXContainerItemProxy section */

/* Begin PBXCopyFilesBuildPhase section */
		1F60160A1919DCE0003D8484 /* CopyFiles */ = {
			isa = PBXCopyFilesBuildPhase;
			buildActionMask = 2147483647;
			dstPath = "include/$(PRODUCT_NAME)";
			dstSubfolderSpec = 16;
			files = (
				DAF3D3801A1563E6004498D2 /* PBTArray.h in CopyFiles */,
				DAF3D3811A1563E6004498D2 /* PBTCommand.h in CopyFiles */,
				DAF3D3821A1563E6004498D2 /* PBTExecutedCommand.h in CopyFiles */,
				DAF3D3831A1563E6004498D2 /* PBTPropertyResult.h in CopyFiles */,
				DAF3D3841A1563E6004498D2 /* PBTRoseTree.h in CopyFiles */,
				DAF3D3851A1563E6004498D2 /* PBTRunnerResult.h in CopyFiles */,
				DAF3D3861A1563E6004498D2 /* PBTSequence.h in CopyFiles */,
				DAF3D3871A1563E6004498D2 /* PBTTransition.h in CopyFiles */,
				DAF3D3881A1563E6004498D2 /* PBTArrayGenerators.h in CopyFiles */,
				DAF3D3891A1563E6004498D2 /* PBTCoreGenerators.h in CopyFiles */,
				DAF3D38A1A1563E6004498D2 /* PBTDictionaryGenerators.h in CopyFiles */,
				DAF3D38B1A1563E6004498D2 /* PBTFiniteStateMachine.h in CopyFiles */,
				DAF3D38C1A1563E6004498D2 /* PBTGenerator.h in CopyFiles */,
				DAF3D38D1A1563E6004498D2 /* PBTNumericGenerators.h in CopyFiles */,
				DAF3D38E1A1563E6004498D2 /* PBTPropertyGenerators.h in CopyFiles */,
				DAF3D38F1A1563E6004498D2 /* PBTSetGenerators.h in CopyFiles */,
				DAF3D3901A1563E6004498D2 /* PBTStateMachine.h in CopyFiles */,
				DAF3D3911A1563E6004498D2 /* PBTStateMachineGenerators.h in CopyFiles */,
				DAF3D3921A1563E6004498D2 /* PBTStateTransition.h in CopyFiles */,
				DAF3D3931A1563E6004498D2 /* PBTStringGenerators.h in CopyFiles */,
				DAF3D3941A1563E6004498D2 /* PBTGenericGenerators.h in CopyFiles */,
				DAF3D3951A1563E6004498D2 /* PBTMacros.h in CopyFiles */,
				DAF3D3961A1563E6004498D2 /* PBTRunner.h in CopyFiles */,
				DAF3D3971A1563E6004498D2 /* PBTConstantRandom.h in CopyFiles */,
				DAF3D3981A1563E6004498D2 /* PBTDeterministicRandom.h in CopyFiles */,
				DAF3D3991A1563E6004498D2 /* PBTRandom.h in CopyFiles */,
				DAF3D39A1A1563E6004498D2 /* PBTDebugReporter.h in CopyFiles */,
				DAF3D39B1A1563E6004498D2 /* PBTStandardReporter.h in CopyFiles */,
				DAF3D39C1A1563E6004498D2 /* PBTReporter.h in CopyFiles */,
				DAF3D39D1A1563E6004498D2 /* PBTDSL.h in CopyFiles */,
				DAF3D37E1A1563A8004498D2 /* PBT.h in CopyFiles */,
			);
			runOnlyForDeploymentPostprocessing = 0;
		};
/* End PBXCopyFilesBuildPhase section */

/* Begin PBXFileReference section */
		1F2A94F41997383300471B24 /* PBTTransition.h */ = {isa = PBXFileReference; fileEncoding = 4; lastKnownFileType = sourcecode.c.h; path = PBTTransition.h; sourceTree = "<group>"; };
		1F2A94F51997383300471B24 /* PBTTransition.m */ = {isa = PBXFileReference; fileEncoding = 4; lastKnownFileType = sourcecode.c.objc; path = PBTTransition.m; sourceTree = "<group>"; };
		1F35BC1D198D824600BEA6E1 /* PBTNamedGenerator.h */ = {isa = PBXFileReference; fileEncoding = 4; lastKnownFileType = sourcecode.c.h; path = PBTNamedGenerator.h; sourceTree = "<group>"; };
		1F35BC1E198D824600BEA6E1 /* PBTNamedGenerator.m */ = {isa = PBXFileReference; fileEncoding = 4; lastKnownFileType = sourcecode.c.objc; path = PBTNamedGenerator.m; sourceTree = "<group>"; };
		1F35BC21198D838300BEA6E1 /* PBTStringGenerator.h */ = {isa = PBXFileReference; fileEncoding = 4; lastKnownFileType = sourcecode.c.h; path = PBTStringGenerator.h; sourceTree = "<group>"; };
		1F35BC22198D838300BEA6E1 /* PBTStringGenerator.m */ = {isa = PBXFileReference; fileEncoding = 4; lastKnownFileType = sourcecode.c.objc; path = PBTStringGenerator.m; sourceTree = "<group>"; };
		1F35BC25198D881900BEA6E1 /* PBTArrayGenerator.h */ = {isa = PBXFileReference; fileEncoding = 4; lastKnownFileType = sourcecode.c.h; path = PBTArrayGenerator.h; sourceTree = "<group>"; };
		1F35BC26198D881900BEA6E1 /* PBTArrayGenerator.m */ = {isa = PBXFileReference; fileEncoding = 4; lastKnownFileType = sourcecode.c.objc; path = PBTArrayGenerator.m; sourceTree = "<group>"; };
		1F35BC29198D89DF00BEA6E1 /* PBTTupleGenerator.h */ = {isa = PBXFileReference; fileEncoding = 4; lastKnownFileType = sourcecode.c.h; path = PBTTupleGenerator.h; sourceTree = "<group>"; };
		1F35BC2A198D89DF00BEA6E1 /* PBTTupleGenerator.m */ = {isa = PBXFileReference; fileEncoding = 4; lastKnownFileType = sourcecode.c.objc; path = PBTTupleGenerator.m; sourceTree = "<group>"; };
		1F35BC2D198DB6AA00BEA6E1 /* PBTTupleGeneratorSpec.mm */ = {isa = PBXFileReference; fileEncoding = 4; lastKnownFileType = sourcecode.cpp.objcpp; path = PBTTupleGeneratorSpec.mm; sourceTree = "<group>"; };
		1F35BC30198DF48A00BEA6E1 /* PBTChooseSpec.mm */ = {isa = PBXFileReference; fileEncoding = 4; lastKnownFileType = sourcecode.cpp.objcpp; path = PBTChooseSpec.mm; sourceTree = "<group>"; };
		1F35BC33198DF77400BEA6E1 /* PBTCharacterSpec.mm */ = {isa = PBXFileReference; fileEncoding = 4; lastKnownFileType = sourcecode.cpp.objcpp; path = PBTCharacterSpec.mm; sourceTree = "<group>"; };
		1F35BC36198F78C200BEA6E1 /* PBTRoseTreeSpec.mm */ = {isa = PBXFileReference; fileEncoding = 4; lastKnownFileType = sourcecode.cpp.objcpp; path = PBTRoseTreeSpec.mm; sourceTree = "<group>"; };
		1F35BC39198F7C9A00BEA6E1 /* PBTBlockGenerator.h */ = {isa = PBXFileReference; fileEncoding = 4; lastKnownFileType = sourcecode.c.h; path = PBTBlockGenerator.h; sourceTree = "<group>"; };
		1F35BC3A198F7C9A00BEA6E1 /* PBTBlockGenerator.m */ = {isa = PBXFileReference; fileEncoding = 4; lastKnownFileType = sourcecode.c.objc; path = PBTBlockGenerator.m; sourceTree = "<group>"; };
		1F35BC3E1990CA5600BEA6E1 /* PBTDebugReporter.h */ = {isa = PBXFileReference; fileEncoding = 4; lastKnownFileType = sourcecode.c.h; path = PBTDebugReporter.h; sourceTree = "<group>"; };
		1F35BC3F1990CA5600BEA6E1 /* PBTDebugReporter.m */ = {isa = PBXFileReference; fileEncoding = 4; lastKnownFileType = sourcecode.c.objc; path = PBTDebugReporter.m; sourceTree = "<group>"; };
		1F35BC401990CA5600BEA6E1 /* PBTStandardReporter.h */ = {isa = PBXFileReference; fileEncoding = 4; lastKnownFileType = sourcecode.c.h; path = PBTStandardReporter.h; sourceTree = "<group>"; };
		1F35BC411990CA5600BEA6E1 /* PBTStandardReporter.m */ = {isa = PBXFileReference; fileEncoding = 4; lastKnownFileType = sourcecode.c.objc; path = PBTStandardReporter.m; sourceTree = "<group>"; };
		1F35BC471990CB6400BEA6E1 /* PBTRandomSpec.mm */ = {isa = PBXFileReference; fileEncoding = 4; lastKnownFileType = sourcecode.cpp.objcpp; path = PBTRandomSpec.mm; sourceTree = "<group>"; };
		1F4187F91975108000FEBB8D /* PBTRunner.h */ = {isa = PBXFileReference; fileEncoding = 4; lastKnownFileType = sourcecode.c.h; path = PBTRunner.h; sourceTree = "<group>"; };
		1F4187FA1975108000FEBB8D /* PBTRunner.m */ = {isa = PBXFileReference; fileEncoding = 4; lastKnownFileType = sourcecode.c.objc; path = PBTRunner.m; sourceTree = "<group>"; };
		1F4187FD19751BB700FEBB8D /* PBTRunnerResult.h */ = {isa = PBXFileReference; fileEncoding = 4; lastKnownFileType = sourcecode.c.h; path = PBTRunnerResult.h; sourceTree = "<group>"; };
		1F4187FE19751BB700FEBB8D /* PBTRunnerResult.m */ = {isa = PBXFileReference; fileEncoding = 4; lastKnownFileType = sourcecode.c.objc; path = PBTRunnerResult.m; sourceTree = "<group>"; };
		1F46E50A198CAFAD00F87028 /* PBTPureGenerator.h */ = {isa = PBXFileReference; fileEncoding = 4; lastKnownFileType = sourcecode.c.h; path = PBTPureGenerator.h; sourceTree = "<group>"; };
		1F46E50B198CAFAD00F87028 /* PBTPureGenerator.m */ = {isa = PBXFileReference; fileEncoding = 4; lastKnownFileType = sourcecode.c.objc; path = PBTPureGenerator.m; sourceTree = "<group>"; };
		1F46E50E198CB2E800F87028 /* PBTMapGenerator.h */ = {isa = PBXFileReference; fileEncoding = 4; lastKnownFileType = sourcecode.c.h; path = PBTMapGenerator.h; sourceTree = "<group>"; };
		1F46E50F198CB2E800F87028 /* PBTMapGenerator.m */ = {isa = PBXFileReference; fileEncoding = 4; lastKnownFileType = sourcecode.c.objc; path = PBTMapGenerator.m; sourceTree = "<group>"; };
		1F46E512198CB4C000F87028 /* PBTBindGenerator.h */ = {isa = PBXFileReference; fileEncoding = 4; lastKnownFileType = sourcecode.c.h; path = PBTBindGenerator.h; sourceTree = "<group>"; };
		1F46E513198CB4C000F87028 /* PBTBindGenerator.m */ = {isa = PBXFileReference; fileEncoding = 4; lastKnownFileType = sourcecode.c.objc; path = PBTBindGenerator.m; sourceTree = "<group>"; };
		1F46E516198CB63200F87028 /* PBTSizedGenerator.h */ = {isa = PBXFileReference; fileEncoding = 4; lastKnownFileType = sourcecode.c.h; path = PBTSizedGenerator.h; sourceTree = "<group>"; };
		1F46E517198CB63200F87028 /* PBTSizedGenerator.m */ = {isa = PBXFileReference; fileEncoding = 4; lastKnownFileType = sourcecode.c.objc; path = PBTSizedGenerator.m; sourceTree = "<group>"; };
		1F46E51A198CB78000F87028 /* PBTChooseGenerator.h */ = {isa = PBXFileReference; fileEncoding = 4; lastKnownFileType = sourcecode.c.h; path = PBTChooseGenerator.h; sourceTree = "<group>"; };
		1F46E51B198CB78000F87028 /* PBTChooseGenerator.m */ = {isa = PBXFileReference; fileEncoding = 4; lastKnownFileType = sourcecode.c.objc; path = PBTChooseGenerator.m; sourceTree = "<group>"; };
		1F46E51E198CBAF100F87028 /* PBTSequenceGenerator.h */ = {isa = PBXFileReference; fileEncoding = 4; lastKnownFileType = sourcecode.c.h; path = PBTSequenceGenerator.h; sourceTree = "<group>"; };
		1F46E51F198CBAF100F87028 /* PBTSequenceGenerator.m */ = {isa = PBXFileReference; fileEncoding = 4; lastKnownFileType = sourcecode.c.objc; path = PBTSequenceGenerator.m; sourceTree = "<group>"; };
		1F5018881991D37A001AB3A9 /* PBTQueue.h */ = {isa = PBXFileReference; fileEncoding = 4; lastKnownFileType = sourcecode.c.h; path = PBTQueue.h; sourceTree = "<group>"; };
		1F5018891991D37A001AB3A9 /* PBTQueue.m */ = {isa = PBXFileReference; fileEncoding = 4; lastKnownFileType = sourcecode.c.objc; path = PBTQueue.m; sourceTree = "<group>"; };
		1F50188C1991D406001AB3A9 /* PBTFiniteStateMachineSpec.mm */ = {isa = PBXFileReference; fileEncoding = 4; lastKnownFileType = sourcecode.cpp.objcpp; path = PBTFiniteStateMachineSpec.mm; sourceTree = "<group>"; };
		1F5018931991D708001AB3A9 /* PBTFiniteStateMachine.h */ = {isa = PBXFileReference; fileEncoding = 4; lastKnownFileType = sourcecode.c.h; path = PBTFiniteStateMachine.h; sourceTree = "<group>"; };
		1F5018941991D708001AB3A9 /* PBTFiniteStateMachine.m */ = {isa = PBXFileReference; fileEncoding = 4; lastKnownFileType = sourcecode.c.objc; path = PBTFiniteStateMachine.m; sourceTree = "<group>"; };
		1F59A81B196E900B00957FAA /* NSArray+FastEnumerator.h */ = {isa = PBXFileReference; fileEncoding = 4; lastKnownFileType = sourcecode.c.h; path = "NSArray+FastEnumerator.h"; sourceTree = "<group>"; };
		1F59A81C196E900B00957FAA /* NSArray+FastEnumerator.m */ = {isa = PBXFileReference; fileEncoding = 4; lastKnownFileType = sourcecode.c.objc; path = "NSArray+FastEnumerator.m"; sourceTree = "<group>"; };
		1F60160C1919DCE0003D8484 /* libPBT.a */ = {isa = PBXFileReference; explicitFileType = archive.ar; includeInIndex = 0; path = libPBT.a; sourceTree = BUILT_PRODUCTS_DIR; };
		1F60160F1919DCE0003D8484 /* Foundation.framework */ = {isa = PBXFileReference; lastKnownFileType = wrapper.framework; name = Foundation.framework; path = System/Library/Frameworks/Foundation.framework; sourceTree = SDKROOT; };
		1F6016131919DCE0003D8484 /* PBT-Prefix.pch */ = {isa = PBXFileReference; lastKnownFileType = sourcecode.c.h; path = "PBT-Prefix.pch"; sourceTree = "<group>"; };
		1F60161D1919DCE0003D8484 /* XCTest.framework */ = {isa = PBXFileReference; lastKnownFileType = wrapper.framework; name = XCTest.framework; path = Library/Frameworks/XCTest.framework; sourceTree = DEVELOPER_DIR; };
		1F6016201919DCE0003D8484 /* UIKit.framework */ = {isa = PBXFileReference; lastKnownFileType = wrapper.framework; name = UIKit.framework; path = Library/Frameworks/UIKit.framework; sourceTree = DEVELOPER_DIR; };
		1F6016461919DF90003D8484 /* SenTestingKit.framework */ = {isa = PBXFileReference; lastKnownFileType = wrapper.framework; name = SenTestingKit.framework; path = Library/Frameworks/SenTestingKit.framework; sourceTree = DEVELOPER_DIR; };
		1F6016481919DF90003D8484 /* CoreGraphics.framework */ = {isa = PBXFileReference; lastKnownFileType = wrapper.framework; name = CoreGraphics.framework; path = Library/Frameworks/CoreGraphics.framework; sourceTree = DEVELOPER_DIR; };
		1F61E44F196E88A6003EA164 /* PBTReturnSpec.mm */ = {isa = PBXFileReference; fileEncoding = 4; lastKnownFileType = sourcecode.cpp.objcpp; lineEnding = 0; path = PBTReturnSpec.mm; sourceTree = "<group>"; xcLanguageSpecificationIdentifier = xcode.lang.objcpp; };
		1F61E455196E8AEF003EA164 /* PBTSequenceSpec.mm */ = {isa = PBXFileReference; fileEncoding = 4; lastKnownFileType = sourcecode.cpp.objcpp; path = PBTSequenceSpec.mm; sourceTree = "<group>"; };
		1F6C41211A131D56003B6C83 /* PBTGenericGenerators.h */ = {isa = PBXFileReference; fileEncoding = 4; lastKnownFileType = sourcecode.c.h; path = PBTGenericGenerators.h; sourceTree = "<group>"; };
		1F6C41221A131D56003B6C83 /* PBTGenericGenerators.m */ = {isa = PBXFileReference; fileEncoding = 4; lastKnownFileType = sourcecode.c.objc; path = PBTGenericGenerators.m; sourceTree = "<group>"; };
		1F6C41241A14736F003B6C83 /* PBTGenericSpec.mm */ = {isa = PBXFileReference; fileEncoding = 4; lastKnownFileType = sourcecode.cpp.objcpp; path = PBTGenericSpec.mm; sourceTree = "<group>"; };
		1F6C41281A147B3D003B6C83 /* PBTDSL.h */ = {isa = PBXFileReference; fileEncoding = 4; lastKnownFileType = sourcecode.c.h; path = PBTDSL.h; sourceTree = "<group>"; };
		1F6C41291A147B3D003B6C83 /* PBTDSL.m */ = {isa = PBXFileReference; fileEncoding = 4; lastKnownFileType = sourcecode.c.objc; path = PBTDSL.m; sourceTree = "<group>"; };
		1F7EFA29191B63970074B028 /* PBTOSXSpecs */ = {isa = PBXFileReference; explicitFileType = "compiled.mach-o.executable"; includeInIndex = 0; path = PBTOSXSpecs; sourceTree = BUILT_PRODUCTS_DIR; };
		1F7EFA2E191B63970074B028 /* PBTOSXSpecs-Prefix.pch */ = {isa = PBXFileReference; lastKnownFileType = sourcecode.c.h; path = "PBTOSXSpecs-Prefix.pch"; sourceTree = "<group>"; };
		1F7EFA31191B63980074B028 /* main.m */ = {isa = PBXFileReference; lastKnownFileType = sourcecode.c.objc; path = main.m; sourceTree = "<group>"; };
		1F848B411977965500F0966E /* PBTPositiveIntegerSpec.mm */ = {isa = PBXFileReference; fileEncoding = 4; lastKnownFileType = sourcecode.cpp.objcpp; lineEnding = 0; path = PBTPositiveIntegerSpec.mm; sourceTree = "<group>"; xcLanguageSpecificationIdentifier = xcode.lang.objcpp; };
		1F848B4419779F6600F0966E /* PBTNegativeIntegerSpec.mm */ = {isa = PBXFileReference; fileEncoding = 4; lastKnownFileType = sourcecode.cpp.objcpp; lineEnding = 0; path = PBTNegativeIntegerSpec.mm; sourceTree = "<group>"; xcLanguageSpecificationIdentifier = xcode.lang.objcpp; };
		1F848B471977A75200F0966E /* PBTMacros.h */ = {isa = PBXFileReference; lastKnownFileType = sourcecode.c.h; path = PBTMacros.h; sourceTree = "<group>"; };
		1F848B481977B8F100F0966E /* PBTArraySpec.mm */ = {isa = PBXFileReference; fileEncoding = 4; lastKnownFileType = sourcecode.cpp.objcpp; path = PBTArraySpec.mm; sourceTree = "<group>"; };
		1F8FDBE81987773F0059D31A /* PBTConcreteSequence.h */ = {isa = PBXFileReference; fileEncoding = 4; lastKnownFileType = sourcecode.c.h; path = PBTConcreteSequence.h; sourceTree = "<group>"; };
		1F8FDBE91987773F0059D31A /* PBTConcreteSequence.m */ = {isa = PBXFileReference; fileEncoding = 4; lastKnownFileType = sourcecode.c.objc; path = PBTConcreteSequence.m; sourceTree = "<group>"; };
		1F8FDBEA1987773F0059D31A /* PBTLazySequence.h */ = {isa = PBXFileReference; fileEncoding = 4; lastKnownFileType = sourcecode.c.h; path = PBTLazySequence.h; sourceTree = "<group>"; };
		1F8FDBEB1987773F0059D31A /* PBTLazySequence.m */ = {isa = PBXFileReference; fileEncoding = 4; lastKnownFileType = sourcecode.c.objc; path = PBTLazySequence.m; sourceTree = "<group>"; };
		1F8FDBF0198777540059D31A /* PBTSequenceEnumerator.h */ = {isa = PBXFileReference; fileEncoding = 4; lastKnownFileType = sourcecode.c.h; path = PBTSequenceEnumerator.h; sourceTree = "<group>"; };
		1F8FDBF1198777540059D31A /* PBTSequenceEnumerator.m */ = {isa = PBXFileReference; fileEncoding = 4; lastKnownFileType = sourcecode.c.objc; path = PBTSequenceEnumerator.m; sourceTree = "<group>"; };
		1F8FDBF81988B4BA0059D31A /* PBTSpecHelper.h */ = {isa = PBXFileReference; fileEncoding = 4; lastKnownFileType = sourcecode.c.h; path = PBTSpecHelper.h; sourceTree = "<group>"; };
		1F8FDBF91988B4BA0059D31A /* PBTSpecHelper.m */ = {isa = PBXFileReference; fileEncoding = 4; lastKnownFileType = sourcecode.c.objc; path = PBTSpecHelper.m; sourceTree = "<group>"; };
		1F8FDBFC1989F9DD0059D31A /* PBTSetSpec.mm */ = {isa = PBXFileReference; fileEncoding = 4; lastKnownFileType = sourcecode.cpp.objcpp; path = PBTSetSpec.mm; sourceTree = "<group>"; };
		1F8FDBFF1989FE530059D31A /* PBTDictionarySpec.mm */ = {isa = PBXFileReference; fileEncoding = 4; lastKnownFileType = sourcecode.cpp.objcpp; path = PBTDictionarySpec.mm; sourceTree = "<group>"; };
		1F8FDC021989FED70059D31A /* PBTStringSpec.mm */ = {isa = PBXFileReference; fileEncoding = 4; lastKnownFileType = sourcecode.cpp.objcpp; path = PBTStringSpec.mm; sourceTree = "<group>"; };
		1F9BA18D1A11CFA90053B3C5 /* PBTSpecs.xctest */ = {isa = PBXFileReference; explicitFileType = wrapper.cfbundle; includeInIndex = 0; path = PBTSpecs.xctest; sourceTree = BUILT_PRODUCTS_DIR; };
		1F9BA1901A11CFA90053B3C5 /* Info.plist */ = {isa = PBXFileReference; lastKnownFileType = text.plist.xml; path = Info.plist; sourceTree = "<group>"; };
		1F9BDD9519EA501500BAF25E /* PBTExecutedCommand.h */ = {isa = PBXFileReference; fileEncoding = 4; lastKnownFileType = sourcecode.c.h; path = PBTExecutedCommand.h; sourceTree = "<group>"; };
		1F9BDD9619EA501500BAF25E /* PBTExecutedCommand.m */ = {isa = PBXFileReference; fileEncoding = 4; lastKnownFileType = sourcecode.c.objc; path = PBTExecutedCommand.m; sourceTree = "<group>"; };
		1FA0002819EB0F71008BB037 /* PBTArray.h */ = {isa = PBXFileReference; fileEncoding = 4; lastKnownFileType = sourcecode.c.h; path = PBTArray.h; sourceTree = "<group>"; };
		1FA0002919EB0F71008BB037 /* PBTArray.m */ = {isa = PBXFileReference; fileEncoding = 4; lastKnownFileType = sourcecode.c.objc; path = PBTArray.m; sourceTree = "<group>"; };
		1FA94A35199606F800803AF3 /* PBTSuchThatSpec.mm */ = {isa = PBXFileReference; fileEncoding = 4; lastKnownFileType = sourcecode.cpp.objcpp; path = PBTSuchThatSpec.mm; sourceTree = "<group>"; };
		1FA94A38199609D000803AF3 /* PBTSuchThatGenerator.h */ = {isa = PBXFileReference; fileEncoding = 4; lastKnownFileType = sourcecode.c.h; path = PBTSuchThatGenerator.h; sourceTree = "<group>"; };
		1FA94A39199609D000803AF3 /* PBTSuchThatGenerator.m */ = {isa = PBXFileReference; fileEncoding = 4; lastKnownFileType = sourcecode.c.objc; path = PBTSuchThatGenerator.m; sourceTree = "<group>"; };
		1FF5B93519737D4600416383 /* PBTIntegerSpec.mm */ = {isa = PBXFileReference; fileEncoding = 4; lastKnownFileType = sourcecode.cpp.objcpp; lineEnding = 0; path = PBTIntegerSpec.mm; sourceTree = "<group>"; xcLanguageSpecificationIdentifier = xcode.lang.objcpp; };
		1FF5B93C1973BD9000416383 /* PBTRoseTree.h */ = {isa = PBXFileReference; fileEncoding = 4; lastKnownFileType = sourcecode.c.h; path = PBTRoseTree.h; sourceTree = "<group>"; };
		1FF5B93D1973BD9000416383 /* PBTRoseTree.m */ = {isa = PBXFileReference; fileEncoding = 4; lastKnownFileType = sourcecode.c.objc; path = PBTRoseTree.m; sourceTree = "<group>"; };
		20E3FB09FB89C2A364E190C0 /* Pods-PBTOSXSpecs.debug.xcconfig */ = {isa = PBXFileReference; includeInIndex = 1; lastKnownFileType = text.xcconfig; name = "Pods-PBTOSXSpecs.debug.xcconfig"; path = "Pods/Target Support Files/Pods-PBTOSXSpecs/Pods-PBTOSXSpecs.debug.xcconfig"; sourceTree = "<group>"; };
		31B730183A626AD19A2B366E /* PBTSequence.h */ = {isa = PBXFileReference; fileEncoding = 4; lastKnownFileType = sourcecode.c.h; path = PBTSequence.h; sourceTree = "<group>"; };
		31B73029745CB5B325095CB3 /* PBTQueueAddTransition.m */ = {isa = PBXFileReference; fileEncoding = 4; lastKnownFileType = sourcecode.c.objc; path = PBTQueueAddTransition.m; sourceTree = "<group>"; };
		31B7303EEEA0827C94541FB4 /* PBTStateMachine.h */ = {isa = PBXFileReference; fileEncoding = 4; lastKnownFileType = sourcecode.c.h; path = PBTStateMachine.h; sourceTree = "<group>"; };
		31B7304B35C6D552B28742C9 /* PBTConstantRandom.h */ = {isa = PBXFileReference; fileEncoding = 4; lastKnownFileType = sourcecode.c.h; path = PBTConstantRandom.h; sourceTree = "<group>"; };
		31B731E731758B29364363DF /* PBTArrayGenerators.h */ = {isa = PBXFileReference; fileEncoding = 4; lastKnownFileType = sourcecode.c.h; path = PBTArrayGenerators.h; sourceTree = "<group>"; };
		31B73282B254E07DFC8B2073 /* PBTRandom.h */ = {isa = PBXFileReference; fileEncoding = 4; lastKnownFileType = sourcecode.c.h; path = PBTRandom.h; sourceTree = "<group>"; };
		31B732DF762CE64B6BE7A599 /* PBTSetGenerators.m */ = {isa = PBXFileReference; fileEncoding = 4; lastKnownFileType = sourcecode.c.objc; path = PBTSetGenerators.m; sourceTree = "<group>"; };
		31B732EA700E97A90EFBD56F /* PBT.h */ = {isa = PBXFileReference; fileEncoding = 4; lastKnownFileType = sourcecode.c.h; path = PBT.h; sourceTree = "<group>"; };
		31B733656606413AC3D482E3 /* PBTDeterministicRandom.h */ = {isa = PBXFileReference; fileEncoding = 4; lastKnownFileType = sourcecode.c.h; path = PBTDeterministicRandom.h; sourceTree = "<group>"; };
		31B733ACE038CF303D9ECC27 /* PBTSequence.m */ = {isa = PBXFileReference; fileEncoding = 4; lastKnownFileType = sourcecode.c.objc; path = PBTSequence.m; sourceTree = "<group>"; };
		31B7346B19612B83E717E236 /* PBTDictionaryGenerators.h */ = {isa = PBXFileReference; fileEncoding = 4; lastKnownFileType = sourcecode.c.h; path = PBTDictionaryGenerators.h; sourceTree = "<group>"; };
		31B7359D19C07C6410676A13 /* PBTGenerator.h */ = {isa = PBXFileReference; fileEncoding = 4; lastKnownFileType = sourcecode.c.h; path = PBTGenerator.h; sourceTree = "<group>"; };
		31B7367B3E11AD0DC06F6595 /* PBTDeterministicRandom.mm */ = {isa = PBXFileReference; fileEncoding = 4; lastKnownFileType = sourcecode.cpp.objcpp; path = PBTDeterministicRandom.mm; sourceTree = "<group>"; };
		31B736A7992BBD359C72E397 /* PBTCoreGenerators.h */ = {isa = PBXFileReference; fileEncoding = 4; lastKnownFileType = sourcecode.c.h; path = PBTCoreGenerators.h; sourceTree = "<group>"; };
		31B73763F568C2CE1290B46F /* PBTQueueRemoveTransition.h */ = {isa = PBXFileReference; fileEncoding = 4; lastKnownFileType = sourcecode.c.h; path = PBTQueueRemoveTransition.h; sourceTree = "<group>"; };
		31B739B35946B2CB1FD5C6DC /* PBTReporter.h */ = {isa = PBXFileReference; fileEncoding = 4; lastKnownFileType = sourcecode.c.h; path = PBTReporter.h; sourceTree = "<group>"; };
		31B73AAAC1A903382CE73DC4 /* PBTStateMachineGenerators.m */ = {isa = PBXFileReference; fileEncoding = 4; lastKnownFileType = sourcecode.c.objc; path = PBTStateMachineGenerators.m; sourceTree = "<group>"; };
		31B73AC32A19CA6467FCB298 /* PBTPropertyResult.h */ = {isa = PBXFileReference; fileEncoding = 4; lastKnownFileType = sourcecode.c.h; path = PBTPropertyResult.h; sourceTree = "<group>"; };
		31B73B954203F429AA611143 /* PBTQueueAddTransition.h */ = {isa = PBXFileReference; fileEncoding = 4; lastKnownFileType = sourcecode.c.h; path = PBTQueueAddTransition.h; sourceTree = "<group>"; };
		31B73BE31D123C54907C7EE3 /* PBTQueueRemoveTransition.m */ = {isa = PBXFileReference; fileEncoding = 4; lastKnownFileType = sourcecode.c.objc; path = PBTQueueRemoveTransition.m; sourceTree = "<group>"; };
		31B73C0260617192E88A3392 /* PBTCommand.m */ = {isa = PBXFileReference; fileEncoding = 4; lastKnownFileType = sourcecode.c.objc; path = PBTCommand.m; sourceTree = "<group>"; };
		31B73C759823AC30AE97B012 /* PBTPropertySpec.mm */ = {isa = PBXFileReference; fileEncoding = 4; lastKnownFileType = sourcecode.cpp.objcpp; lineEnding = 0; path = PBTPropertySpec.mm; sourceTree = "<group>"; xcLanguageSpecificationIdentifier = xcode.lang.objcpp; };
		31B73CE3BB0FE0A496DEA102 /* PBTPropertyGenerators.m */ = {isa = PBXFileReference; fileEncoding = 4; lastKnownFileType = sourcecode.c.objc; path = PBTPropertyGenerators.m; sourceTree = "<group>"; };
		31B73D3849E734CA2A32F5D4 /* PBTNumericGenerators.h */ = {isa = PBXFileReference; fileEncoding = 4; lastKnownFileType = sourcecode.c.h; path = PBTNumericGenerators.h; sourceTree = "<group>"; };
		31B73D791208A96A73A2FB89 /* PBTPropertyResult.m */ = {isa = PBXFileReference; fileEncoding = 4; lastKnownFileType = sourcecode.c.objc; path = PBTPropertyResult.m; sourceTree = "<group>"; };
		31B73E288878A28D1FD44435 /* PBTStringGenerators.m */ = {isa = PBXFileReference; fileEncoding = 4; lastKnownFileType = sourcecode.c.objc; path = PBTStringGenerators.m; sourceTree = "<group>"; };
		31B73E4270D7E9BB43B88512 /* PBTStateTransition.h */ = {isa = PBXFileReference; fileEncoding = 4; lastKnownFileType = sourcecode.c.h; path = PBTStateTransition.h; sourceTree = "<group>"; };
		31B73E4FFE7B868F0EA1A6D3 /* PBTConstantRandom.m */ = {isa = PBXFileReference; fileEncoding = 4; lastKnownFileType = sourcecode.c.objc; path = PBTConstantRandom.m; sourceTree = "<group>"; };
		31B73E65793C9A0F5F12FF3B /* PBTStringGenerators.h */ = {isa = PBXFileReference; fileEncoding = 4; lastKnownFileType = sourcecode.c.h; path = PBTStringGenerators.h; sourceTree = "<group>"; };
		31B73F0233EF475592DC4F26 /* PBTNumericGenerators.m */ = {isa = PBXFileReference; fileEncoding = 4; lastKnownFileType = sourcecode.c.objc; path = PBTNumericGenerators.m; sourceTree = "<group>"; };
		31B73F20F954586E20BE9329 /* PBTStateMachineGenerators.h */ = {isa = PBXFileReference; fileEncoding = 4; lastKnownFileType = sourcecode.c.h; path = PBTStateMachineGenerators.h; sourceTree = "<group>"; };
		31B73F4A43C962308369B5A9 /* PBTArrayGenerators.m */ = {isa = PBXFileReference; fileEncoding = 4; lastKnownFileType = sourcecode.c.objc; path = PBTArrayGenerators.m; sourceTree = "<group>"; };
		31B73F6A9C93C681CE532804 /* PBTCoreGenerators.m */ = {isa = PBXFileReference; fileEncoding = 4; lastKnownFileType = sourcecode.c.objc; path = PBTCoreGenerators.m; sourceTree = "<group>"; };
		31B73F732828E21A3B5D4FA3 /* PBTPropertyGenerators.h */ = {isa = PBXFileReference; fileEncoding = 4; lastKnownFileType = sourcecode.c.h; path = PBTPropertyGenerators.h; sourceTree = "<group>"; };
		31B73FB26FF4BC3AF8F34E33 /* PBTSetGenerators.h */ = {isa = PBXFileReference; fileEncoding = 4; lastKnownFileType = sourcecode.c.h; path = PBTSetGenerators.h; sourceTree = "<group>"; };
		31B73FBA1C97463CD5A8D15D /* PBTCommand.h */ = {isa = PBXFileReference; fileEncoding = 4; lastKnownFileType = sourcecode.c.h; path = PBTCommand.h; sourceTree = "<group>"; };
		31B73FCF31FFF93B1783938C /* PBTDictionaryGenerators.m */ = {isa = PBXFileReference; fileEncoding = 4; lastKnownFileType = sourcecode.c.objc; path = PBTDictionaryGenerators.m; sourceTree = "<group>"; };
		438E463FF96642B589CA99D1 /* libPods-PBTSpecs.a */ = {isa = PBXFileReference; explicitFileType = archive.ar; includeInIndex = 0; path = "libPods-PBTSpecs.a"; sourceTree = BUILT_PRODUCTS_DIR; };
		77BAA3674CD14BCA971CCA79 /* libPods-PBTOSXSpecs.a */ = {isa = PBXFileReference; explicitFileType = archive.ar; includeInIndex = 0; path = "libPods-PBTOSXSpecs.a"; sourceTree = BUILT_PRODUCTS_DIR; };
		7C40C1DFBFFBE52D616ED9B8 /* Pods-PBTOSXSpecs.release.xcconfig */ = {isa = PBXFileReference; includeInIndex = 1; lastKnownFileType = text.xcconfig; name = "Pods-PBTOSXSpecs.release.xcconfig"; path = "Pods/Target Support Files/Pods-PBTOSXSpecs/Pods-PBTOSXSpecs.release.xcconfig"; sourceTree = "<group>"; };
		95D912A77127219F75B3AAD3 /* Pods-PBTSpecs.debug.xcconfig */ = {isa = PBXFileReference; includeInIndex = 1; lastKnownFileType = text.xcconfig; name = "Pods-PBTSpecs.debug.xcconfig"; path = "Pods/Target Support Files/Pods-PBTSpecs/Pods-PBTSpecs.debug.xcconfig"; sourceTree = "<group>"; };
		9D2336B261B16AF402A4E0DB /* Pods-PBTSpecs.release.xcconfig */ = {isa = PBXFileReference; includeInIndex = 1; lastKnownFileType = text.xcconfig; name = "Pods-PBTSpecs.release.xcconfig"; path = "Pods/Target Support Files/Pods-PBTSpecs/Pods-PBTSpecs.release.xcconfig"; sourceTree = "<group>"; };
/* End PBXFileReference section */

/* Begin PBXFrameworksBuildPhase section */
		1F6016091919DCE0003D8484 /* Frameworks */ = {
			isa = PBXFrameworksBuildPhase;
			buildActionMask = 2147483647;
			files = (
				1F6016101919DCE0003D8484 /* Foundation.framework in Frameworks */,
			);
			runOnlyForDeploymentPostprocessing = 0;
		};
		1F7EFA27191B63970074B028 /* Frameworks */ = {
			isa = PBXFrameworksBuildPhase;
			buildActionMask = 2147483647;
			files = (
				1F7EFA2A191B63970074B028 /* Foundation.framework in Frameworks */,
				165D2B012DAD434C88132AE8 /* libPods-PBTOSXSpecs.a in Frameworks */,
			);
			runOnlyForDeploymentPostprocessing = 0;
		};
		1F9BA18A1A11CFA90053B3C5 /* Frameworks */ = {
			isa = PBXFrameworksBuildPhase;
			buildActionMask = 2147483647;
			files = (
				1F9BA1931A11CFA90053B3C5 /* libPBT.a in Frameworks */,
				18467B895BA56530D5998FCA /* libPods-PBTSpecs.a in Frameworks */,
			);
			runOnlyForDeploymentPostprocessing = 0;
		};
/* End PBXFrameworksBuildPhase section */

/* Begin PBXGroup section */
		1F35BC3D1990CA3900BEA6E1 /* Reporters */ = {
			isa = PBXGroup;
			children = (
				1F35BC3E1990CA5600BEA6E1 /* PBTDebugReporter.h */,
				1F35BC3F1990CA5600BEA6E1 /* PBTDebugReporter.m */,
				1F35BC401990CA5600BEA6E1 /* PBTStandardReporter.h */,
				1F35BC411990CA5600BEA6E1 /* PBTStandardReporter.m */,
				31B739B35946B2CB1FD5C6DC /* PBTReporter.h */,
			);
			path = Reporters;
			sourceTree = "<group>";
		};
		1F35BC461990CB4800BEA6E1 /* Random */ = {
			isa = PBXGroup;
			children = (
				1F35BC471990CB6400BEA6E1 /* PBTRandomSpec.mm */,
			);
			path = Random;
			sourceTree = "<group>";
		};
		1F46E505198CAE6400F87028 /* Generators */ = {
			isa = PBXGroup;
			children = (
				1F35BC39198F7C9A00BEA6E1 /* PBTBlockGenerator.h */,
				1F35BC3A198F7C9A00BEA6E1 /* PBTBlockGenerator.m */,
				1F35BC25198D881900BEA6E1 /* PBTArrayGenerator.h */,
				1F35BC26198D881900BEA6E1 /* PBTArrayGenerator.m */,
				1F46E512198CB4C000F87028 /* PBTBindGenerator.h */,
				1F46E513198CB4C000F87028 /* PBTBindGenerator.m */,
				1F46E51A198CB78000F87028 /* PBTChooseGenerator.h */,
				1F46E51B198CB78000F87028 /* PBTChooseGenerator.m */,
				1F46E50E198CB2E800F87028 /* PBTMapGenerator.h */,
				1F46E50F198CB2E800F87028 /* PBTMapGenerator.m */,
				1F35BC1D198D824600BEA6E1 /* PBTNamedGenerator.h */,
				1F35BC1E198D824600BEA6E1 /* PBTNamedGenerator.m */,
				1F46E50A198CAFAD00F87028 /* PBTPureGenerator.h */,
				1F46E50B198CAFAD00F87028 /* PBTPureGenerator.m */,
				1F46E51E198CBAF100F87028 /* PBTSequenceGenerator.h */,
				1F46E51F198CBAF100F87028 /* PBTSequenceGenerator.m */,
				1F46E516198CB63200F87028 /* PBTSizedGenerator.h */,
				1F46E517198CB63200F87028 /* PBTSizedGenerator.m */,
				1F35BC21198D838300BEA6E1 /* PBTStringGenerator.h */,
				1F35BC22198D838300BEA6E1 /* PBTStringGenerator.m */,
				1F35BC29198D89DF00BEA6E1 /* PBTTupleGenerator.h */,
				1F35BC2A198D89DF00BEA6E1 /* PBTTupleGenerator.m */,
				1FA94A38199609D000803AF3 /* PBTSuchThatGenerator.h */,
				1FA94A39199609D000803AF3 /* PBTSuchThatGenerator.m */,
			);
			path = Generators;
			sourceTree = "<group>";
		};
		1F59A819196E8FC000957FAA /* Helpers */ = {
			isa = PBXGroup;
			children = (
				1F5018881991D37A001AB3A9 /* PBTQueue.h */,
				1F5018891991D37A001AB3A9 /* PBTQueue.m */,
				31B73B954203F429AA611143 /* PBTQueueAddTransition.h */,
				31B73029745CB5B325095CB3 /* PBTQueueAddTransition.m */,
				31B73763F568C2CE1290B46F /* PBTQueueRemoveTransition.h */,
				31B73BE31D123C54907C7EE3 /* PBTQueueRemoveTransition.m */,
				1F8FDBF81988B4BA0059D31A /* PBTSpecHelper.h */,
				1F8FDBF91988B4BA0059D31A /* PBTSpecHelper.m */,
			);
			path = Helpers;
			sourceTree = "<group>";
		};
		1F59A81A196E8FE300957FAA /* Extensions */ = {
			isa = PBXGroup;
			children = (
				1F59A81B196E900B00957FAA /* NSArray+FastEnumerator.h */,
				1F59A81C196E900B00957FAA /* NSArray+FastEnumerator.m */,
			);
			path = Extensions;
			sourceTree = "<group>";
		};
		1F6016031919DCE0003D8484 = {
			isa = PBXGroup;
			children = (
				1F6016111919DCE0003D8484 /* PBT */,
				1F60164C1919DF90003D8484 /* PBTSpecs */,
				1F7EFA2B191B63970074B028 /* PBTOSXSpecs */,
				1F60160E1919DCE0003D8484 /* Frameworks */,
				1F60160D1919DCE0003D8484 /* Products */,
				97EC271938F8AFC6DD5B220D /* Pods */,
			);
			sourceTree = "<group>";
		};
		1F60160D1919DCE0003D8484 /* Products */ = {
			isa = PBXGroup;
			children = (
				1F60160C1919DCE0003D8484 /* libPBT.a */,
				1F7EFA29191B63970074B028 /* PBTOSXSpecs */,
				1F9BA18D1A11CFA90053B3C5 /* PBTSpecs.xctest */,
			);
			name = Products;
			sourceTree = "<group>";
		};
		1F60160E1919DCE0003D8484 /* Frameworks */ = {
			isa = PBXGroup;
			children = (
				1F60160F1919DCE0003D8484 /* Foundation.framework */,
				1F60161D1919DCE0003D8484 /* XCTest.framework */,
				1F6016201919DCE0003D8484 /* UIKit.framework */,
				1F6016461919DF90003D8484 /* SenTestingKit.framework */,
				1F6016481919DF90003D8484 /* CoreGraphics.framework */,
				438E463FF96642B589CA99D1 /* libPods-PBTSpecs.a */,
				77BAA3674CD14BCA971CCA79 /* libPods-PBTOSXSpecs.a */,
			);
			name = Frameworks;
			sourceTree = "<group>";
		};
		1F6016111919DCE0003D8484 /* PBT */ = {
			isa = PBXGroup;
			children = (
				1F8FDBE6198776FA0059D31A /* Private */,
				1F6016351919DD35003D8484 /* Public */,
				1F6016121919DCE0003D8484 /* Supporting Files */,
			);
			path = PBT;
			sourceTree = "<group>";
		};
		1F6016121919DCE0003D8484 /* Supporting Files */ = {
			isa = PBXGroup;
			children = (
				1F6016131919DCE0003D8484 /* PBT-Prefix.pch */,
			);
			name = "Supporting Files";
			sourceTree = "<group>";
		};
		1F6016351919DD35003D8484 /* Public */ = {
			isa = PBXGroup;
			children = (
				31B7376ABDE93DF780F6384A /* Data */,
				1F6016371919DD40003D8484 /* Generators */,
				31B732EA700E97A90EFBD56F /* PBT.h */,
				1F848B471977A75200F0966E /* PBTMacros.h */,
				1F4187F91975108000FEBB8D /* PBTRunner.h */,
				1F4187FA1975108000FEBB8D /* PBTRunner.m */,
				31B736A976CDB3B7301033AB /* Random */,
				1F35BC3D1990CA3900BEA6E1 /* Reporters */,
				1F6C41281A147B3D003B6C83 /* PBTDSL.h */,
				1F6C41291A147B3D003B6C83 /* PBTDSL.m */,
			);
			path = Public;
			sourceTree = "<group>";
		};
		1F6016371919DD40003D8484 /* Generators */ = {
			isa = PBXGroup;
			children = (
				31B731E731758B29364363DF /* PBTArrayGenerators.h */,
				31B73F4A43C962308369B5A9 /* PBTArrayGenerators.m */,
				31B736A7992BBD359C72E397 /* PBTCoreGenerators.h */,
				31B73F6A9C93C681CE532804 /* PBTCoreGenerators.m */,
				31B7346B19612B83E717E236 /* PBTDictionaryGenerators.h */,
				31B73FCF31FFF93B1783938C /* PBTDictionaryGenerators.m */,
				1F5018931991D708001AB3A9 /* PBTFiniteStateMachine.h */,
				1F5018941991D708001AB3A9 /* PBTFiniteStateMachine.m */,
				31B7359D19C07C6410676A13 /* PBTGenerator.h */,
				31B73D3849E734CA2A32F5D4 /* PBTNumericGenerators.h */,
				31B73F0233EF475592DC4F26 /* PBTNumericGenerators.m */,
				31B73F732828E21A3B5D4FA3 /* PBTPropertyGenerators.h */,
				31B73CE3BB0FE0A496DEA102 /* PBTPropertyGenerators.m */,
				31B73FB26FF4BC3AF8F34E33 /* PBTSetGenerators.h */,
				31B732DF762CE64B6BE7A599 /* PBTSetGenerators.m */,
				31B7303EEEA0827C94541FB4 /* PBTStateMachine.h */,
				31B73F20F954586E20BE9329 /* PBTStateMachineGenerators.h */,
				31B73AAAC1A903382CE73DC4 /* PBTStateMachineGenerators.m */,
				31B73E4270D7E9BB43B88512 /* PBTStateTransition.h */,
				31B73E65793C9A0F5F12FF3B /* PBTStringGenerators.h */,
				31B73E288878A28D1FD44435 /* PBTStringGenerators.m */,
				1F6C41211A131D56003B6C83 /* PBTGenericGenerators.h */,
				1F6C41221A131D56003B6C83 /* PBTGenericGenerators.m */,
			);
			path = Generators;
			sourceTree = "<group>";
		};
		1F60164C1919DF90003D8484 /* PBTSpecs */ = {
			isa = PBXGroup;
			children = (
				1F59A81A196E8FE300957FAA /* Extensions */,
				1F59A819196E8FC000957FAA /* Helpers */,
				1F60165B1919E283003D8484 /* Public */,
				1F9BA18F1A11CFA90053B3C5 /* Supporting Files */,
			);
			path = PBTSpecs;
			sourceTree = "<group>";
		};
		1F60165B1919E283003D8484 /* Public */ = {
			isa = PBXGroup;
			children = (
				1F35BC461990CB4800BEA6E1 /* Random */,
				1F61E453196E8AD6003EA164 /* Data */,
				1F60165C1919E28E003D8484 /* Generators */,
				31B73C759823AC30AE97B012 /* PBTPropertySpec.mm */,
			);
			path = Public;
			sourceTree = "<group>";
		};
		1F60165C1919E28E003D8484 /* Generators */ = {
			isa = PBXGroup;
			children = (
				1F848B481977B8F100F0966E /* PBTArraySpec.mm */,
				1F35BC30198DF48A00BEA6E1 /* PBTChooseSpec.mm */,
				1F8FDBFF1989FE530059D31A /* PBTDictionarySpec.mm */,
				1FF5B93519737D4600416383 /* PBTIntegerSpec.mm */,
				1F848B4419779F6600F0966E /* PBTNegativeIntegerSpec.mm */,
				1F848B411977965500F0966E /* PBTPositiveIntegerSpec.mm */,
				1F61E44F196E88A6003EA164 /* PBTReturnSpec.mm */,
				1F8FDBFC1989F9DD0059D31A /* PBTSetSpec.mm */,
				1F8FDC021989FED70059D31A /* PBTStringSpec.mm */,
				1F35BC2D198DB6AA00BEA6E1 /* PBTTupleGeneratorSpec.mm */,
				1F35BC33198DF77400BEA6E1 /* PBTCharacterSpec.mm */,
				1F50188C1991D406001AB3A9 /* PBTFiniteStateMachineSpec.mm */,
				1FA94A35199606F800803AF3 /* PBTSuchThatSpec.mm */,
				1F6C41241A14736F003B6C83 /* PBTGenericSpec.mm */,
			);
			path = Generators;
			sourceTree = "<group>";
		};
		1F61E453196E8AD6003EA164 /* Data */ = {
			isa = PBXGroup;
			children = (
				1F61E455196E8AEF003EA164 /* PBTSequenceSpec.mm */,
				1F35BC36198F78C200BEA6E1 /* PBTRoseTreeSpec.mm */,
			);
			path = Data;
			sourceTree = "<group>";
		};
		1F7EFA2B191B63970074B028 /* PBTOSXSpecs */ = {
			isa = PBXGroup;
			children = (
				1F7EFA31191B63980074B028 /* main.m */,
				1F7EFA2D191B63970074B028 /* Supporting Files */,
			);
			path = PBTOSXSpecs;
			sourceTree = "<group>";
		};
		1F7EFA2D191B63970074B028 /* Supporting Files */ = {
			isa = PBXGroup;
			children = (
				1F7EFA2E191B63970074B028 /* PBTOSXSpecs-Prefix.pch */,
			);
			name = "Supporting Files";
			sourceTree = "<group>";
		};
		1F8FDBE6198776FA0059D31A /* Private */ = {
			isa = PBXGroup;
			children = (
				1F46E505198CAE6400F87028 /* Generators */,
				1F8FDBE7198777080059D31A /* Data */,
			);
			path = Private;
			sourceTree = "<group>";
		};
		1F8FDBE7198777080059D31A /* Data */ = {
			isa = PBXGroup;
			children = (
				1F8FDBE81987773F0059D31A /* PBTConcreteSequence.h */,
				1F8FDBE91987773F0059D31A /* PBTConcreteSequence.m */,
				1F8FDBEA1987773F0059D31A /* PBTLazySequence.h */,
				1F8FDBEB1987773F0059D31A /* PBTLazySequence.m */,
				1F8FDBF0198777540059D31A /* PBTSequenceEnumerator.h */,
				1F8FDBF1198777540059D31A /* PBTSequenceEnumerator.m */,
			);
			path = Data;
			sourceTree = "<group>";
		};
		1F9BA18F1A11CFA90053B3C5 /* Supporting Files */ = {
			isa = PBXGroup;
			children = (
				1F9BA1901A11CFA90053B3C5 /* Info.plist */,
			);
			name = "Supporting Files";
			sourceTree = "<group>";
		};
		31B736A976CDB3B7301033AB /* Random */ = {
			isa = PBXGroup;
			children = (
				31B7304B35C6D552B28742C9 /* PBTConstantRandom.h */,
				31B73E4FFE7B868F0EA1A6D3 /* PBTConstantRandom.m */,
				31B733656606413AC3D482E3 /* PBTDeterministicRandom.h */,
				31B7367B3E11AD0DC06F6595 /* PBTDeterministicRandom.mm */,
				31B73282B254E07DFC8B2073 /* PBTRandom.h */,
			);
			path = Random;
			sourceTree = "<group>";
		};
		31B7376ABDE93DF780F6384A /* Data */ = {
			isa = PBXGroup;
			children = (
				1FA0002819EB0F71008BB037 /* PBTArray.h */,
				1FA0002919EB0F71008BB037 /* PBTArray.m */,
				31B73FBA1C97463CD5A8D15D /* PBTCommand.h */,
				31B73C0260617192E88A3392 /* PBTCommand.m */,
				1F9BDD9519EA501500BAF25E /* PBTExecutedCommand.h */,
				1F9BDD9619EA501500BAF25E /* PBTExecutedCommand.m */,
				31B73AC32A19CA6467FCB298 /* PBTPropertyResult.h */,
				31B73D791208A96A73A2FB89 /* PBTPropertyResult.m */,
				1FF5B93C1973BD9000416383 /* PBTRoseTree.h */,
				1FF5B93D1973BD9000416383 /* PBTRoseTree.m */,
				1F4187FD19751BB700FEBB8D /* PBTRunnerResult.h */,
				1F4187FE19751BB700FEBB8D /* PBTRunnerResult.m */,
				31B730183A626AD19A2B366E /* PBTSequence.h */,
				31B733ACE038CF303D9ECC27 /* PBTSequence.m */,
				1F2A94F41997383300471B24 /* PBTTransition.h */,
				1F2A94F51997383300471B24 /* PBTTransition.m */,
			);
			path = Data;
			sourceTree = "<group>";
		};
		97EC271938F8AFC6DD5B220D /* Pods */ = {
			isa = PBXGroup;
			children = (
				20E3FB09FB89C2A364E190C0 /* Pods-PBTOSXSpecs.debug.xcconfig */,
				7C40C1DFBFFBE52D616ED9B8 /* Pods-PBTOSXSpecs.release.xcconfig */,
				95D912A77127219F75B3AAD3 /* Pods-PBTSpecs.debug.xcconfig */,
				9D2336B261B16AF402A4E0DB /* Pods-PBTSpecs.release.xcconfig */,
			);
			name = Pods;
			sourceTree = "<group>";
		};
/* End PBXGroup section */

/* Begin PBXNativeTarget section */
		1F60160B1919DCE0003D8484 /* PBT */ = {
			isa = PBXNativeTarget;
			buildConfigurationList = 1F60162F1919DCE0003D8484 /* Build configuration list for PBXNativeTarget "PBT" */;
			buildPhases = (
				1F6016081919DCE0003D8484 /* Sources */,
				1F6016091919DCE0003D8484 /* Frameworks */,
				1F60160A1919DCE0003D8484 /* CopyFiles */,
			);
			buildRules = (
			);
			dependencies = (
			);
			name = PBT;
			productName = PBT;
			productReference = 1F60160C1919DCE0003D8484 /* libPBT.a */;
			productType = "com.apple.product-type.library.static";
		};
		1F7EFA28191B63970074B028 /* PBTOSXSpecs */ = {
			isa = PBXNativeTarget;
			buildConfigurationList = 1F7EFA35191B63980074B028 /* Build configuration list for PBXNativeTarget "PBTOSXSpecs" */;
			buildPhases = (
				0A5F33090D0540AB86629CE7 /* Check Pods Manifest.lock */,
				1F7EFA26191B63970074B028 /* Sources */,
				1F7EFA27191B63970074B028 /* Frameworks */,
				C4DA064C82114CFEA8755198 /* Copy Pods Resources */,
			);
			buildRules = (
			);
			dependencies = (
			);
			name = PBTOSXSpecs;
			productName = PBTOSXSpecs;
			productReference = 1F7EFA29191B63970074B028 /* PBTOSXSpecs */;
			productType = "com.apple.product-type.tool";
		};
		1F9BA18C1A11CFA90053B3C5 /* PBTSpecs */ = {
			isa = PBXNativeTarget;
			buildConfigurationList = 1F9BA1961A11CFA90053B3C5 /* Build configuration list for PBXNativeTarget "PBTSpecs" */;
			buildPhases = (
				94506BF6E52C1CB586E45008 /* Check Pods Manifest.lock */,
				1F9BA1891A11CFA90053B3C5 /* Sources */,
				1F9BA18A1A11CFA90053B3C5 /* Frameworks */,
				1F9BA18B1A11CFA90053B3C5 /* Resources */,
				0E26B54CA8BAD61D3228E1AD /* Copy Pods Resources */,
			);
			buildRules = (
			);
			dependencies = (
				1F9BA1951A11CFA90053B3C5 /* PBXTargetDependency */,
			);
			name = PBTSpecs;
			productName = PBTSpecs;
			productReference = 1F9BA18D1A11CFA90053B3C5 /* PBTSpecs.xctest */;
			productType = "com.apple.product-type.bundle.unit-test";
		};
/* End PBXNativeTarget section */

/* Begin PBXProject section */
		1F6016041919DCE0003D8484 /* Project object */ = {
			isa = PBXProject;
			attributes = {
				LastTestingUpgradeCheck = 0600;
				LastUpgradeCheck = 0510;
				ORGANIZATIONNAME = "Jeff Hui";
				TargetAttributes = {
					1F9BA18C1A11CFA90053B3C5 = {
						CreatedOnToolsVersion = 6.1;
					};
				};
			};
			buildConfigurationList = 1F6016071919DCE0003D8484 /* Build configuration list for PBXProject "PBT" */;
			compatibilityVersion = "Xcode 3.2";
			developmentRegion = English;
			hasScannedForEncodings = 0;
			knownRegions = (
				en,
			);
			mainGroup = 1F6016031919DCE0003D8484;
			productRefGroup = 1F60160D1919DCE0003D8484 /* Products */;
			projectDirPath = "";
			projectRoot = "";
			targets = (
				1F60160B1919DCE0003D8484 /* PBT */,
				1F7EFA28191B63970074B028 /* PBTOSXSpecs */,
				1F9BA18C1A11CFA90053B3C5 /* PBTSpecs */,
			);
		};
/* End PBXProject section */

/* Begin PBXResourcesBuildPhase section */
		1F9BA18B1A11CFA90053B3C5 /* Resources */ = {
			isa = PBXResourcesBuildPhase;
			buildActionMask = 2147483647;
			files = (
			);
			runOnlyForDeploymentPostprocessing = 0;
		};
/* End PBXResourcesBuildPhase section */

/* Begin PBXShellScriptBuildPhase section */
		0A5F33090D0540AB86629CE7 /* Check Pods Manifest.lock */ = {
			isa = PBXShellScriptBuildPhase;
			buildActionMask = 2147483647;
			files = (
			);
			inputPaths = (
			);
			name = "Check Pods Manifest.lock";
			outputPaths = (
			);
			runOnlyForDeploymentPostprocessing = 0;
			shellPath = /bin/sh;
			shellScript = "diff \"${PODS_ROOT}/../Podfile.lock\" \"${PODS_ROOT}/Manifest.lock\" > /dev/null\nif [[ $? != 0 ]] ; then\n    cat << EOM\nerror: The sandbox is not in sync with the Podfile.lock. Run 'pod install' or update your CocoaPods installation.\nEOM\n    exit 1\nfi\n";
			showEnvVarsInLog = 0;
		};
		0E26B54CA8BAD61D3228E1AD /* Copy Pods Resources */ = {
			isa = PBXShellScriptBuildPhase;
			buildActionMask = 2147483647;
			files = (
			);
			inputPaths = (
			);
			name = "Copy Pods Resources";
			outputPaths = (
			);
			runOnlyForDeploymentPostprocessing = 0;
			shellPath = /bin/sh;
			shellScript = "\"${SRCROOT}/Pods/Target Support Files/Pods-PBTSpecs/Pods-PBTSpecs-resources.sh\"\n";
			showEnvVarsInLog = 0;
		};
		94506BF6E52C1CB586E45008 /* Check Pods Manifest.lock */ = {
			isa = PBXShellScriptBuildPhase;
			buildActionMask = 2147483647;
			files = (
			);
			inputPaths = (
			);
			name = "Check Pods Manifest.lock";
			outputPaths = (
			);
			runOnlyForDeploymentPostprocessing = 0;
			shellPath = /bin/sh;
			shellScript = "diff \"${PODS_ROOT}/../Podfile.lock\" \"${PODS_ROOT}/Manifest.lock\" > /dev/null\nif [[ $? != 0 ]] ; then\n    cat << EOM\nerror: The sandbox is not in sync with the Podfile.lock. Run 'pod install' or update your CocoaPods installation.\nEOM\n    exit 1\nfi\n";
			showEnvVarsInLog = 0;
		};
		C4DA064C82114CFEA8755198 /* Copy Pods Resources */ = {
			isa = PBXShellScriptBuildPhase;
			buildActionMask = 2147483647;
			files = (
			);
			inputPaths = (
			);
			name = "Copy Pods Resources";
			outputPaths = (
			);
			runOnlyForDeploymentPostprocessing = 0;
			shellPath = /bin/sh;
			shellScript = "\"${SRCROOT}/Pods/Target Support Files/Pods-PBTOSXSpecs/Pods-PBTOSXSpecs-resources.sh\"\n";
			showEnvVarsInLog = 0;
		};
/* End PBXShellScriptBuildPhase section */

/* Begin PBXSourcesBuildPhase section */
		1F6016081919DCE0003D8484 /* Sources */ = {
			isa = PBXSourcesBuildPhase;
			buildActionMask = 2147483647;
			files = (
				31B73925BF4547CBBA83F14E /* PBTDeterministicRandom.mm in Sources */,
				1F46E51C198CB78000F87028 /* PBTChooseGenerator.m in Sources */,
				1F9BDD9719EA501500BAF25E /* PBTExecutedCommand.m in Sources */,
				1F6C412A1A147B3D003B6C83 /* PBTDSL.m in Sources */,
				1F35BC441990CA5600BEA6E1 /* PBTStandardReporter.m in Sources */,
				1F6C41231A131D56003B6C83 /* PBTGenericGenerators.m in Sources */,
				1F35BC1F198D824600BEA6E1 /* PBTNamedGenerator.m in Sources */,
				1F35BC23198D838300BEA6E1 /* PBTStringGenerator.m in Sources */,
				1F46E520198CBAF100F87028 /* PBTSequenceGenerator.m in Sources */,
				1F4187FB1975108000FEBB8D /* PBTRunner.m in Sources */,
				1F46E518198CB63200F87028 /* PBTSizedGenerator.m in Sources */,
				1F4187FF19751BB700FEBB8D /* PBTRunnerResult.m in Sources */,
				1F8FDBF2198777540059D31A /* PBTSequenceEnumerator.m in Sources */,
				1F46E50C198CAFAD00F87028 /* PBTPureGenerator.m in Sources */,
				1F46E514198CB4C000F87028 /* PBTBindGenerator.m in Sources */,
				1F46E510198CB2E800F87028 /* PBTMapGenerator.m in Sources */,
				31B73D53EB506977E8B6D87D /* PBTConstantRandom.m in Sources */,
				31B7391D14C8AD2561D14117 /* PBTSequence.m in Sources */,
				1F35BC421990CA5600BEA6E1 /* PBTDebugReporter.m in Sources */,
				1FA94A3A199609D000803AF3 /* PBTSuchThatGenerator.m in Sources */,
				1F8FDBEE1987773F0059D31A /* PBTLazySequence.m in Sources */,
				1F8FDBEC1987773F0059D31A /* PBTConcreteSequence.m in Sources */,
				1F5018951991D708001AB3A9 /* PBTFiniteStateMachine.m in Sources */,
				1F35BC2B198D89DF00BEA6E1 /* PBTTupleGenerator.m in Sources */,
				1F35BC27198D881900BEA6E1 /* PBTArrayGenerator.m in Sources */,
				1F35BC3B198F7C9A00BEA6E1 /* PBTBlockGenerator.m in Sources */,
				1FA0002A19EB0F71008BB037 /* PBTArray.m in Sources */,
				1F9BA1B01A11D2520053B3C5 /* PBTTransition.m in Sources */,
				1FF5B93E1973BD9000416383 /* PBTRoseTree.m in Sources */,
				31B735B7CCFCD90D521378FC /* PBTCommand.m in Sources */,
				31B73A5F7884A7DC970148D4 /* PBTPropertyGenerators.m in Sources */,
				31B734C77CE50AF2827BA35C /* PBTPropertyResult.m in Sources */,
				31B73A187530BC9FEB4A3631 /* PBTCoreGenerators.m in Sources */,
				31B7363E1AD3352531CA1171 /* PBTNumericGenerators.m in Sources */,
				31B73FAD1A10E9E84AD53ECA /* PBTStringGenerators.m in Sources */,
				31B737D3CDD59A39BFB48F0D /* PBTArrayGenerators.m in Sources */,
				31B7306F3DE18171A4D1A2CE /* PBTSetGenerators.m in Sources */,
				31B73D9927A4467233CE38CA /* PBTDictionaryGenerators.m in Sources */,
				31B73E318D310CCDB7ADB91C /* PBTStateMachineGenerators.m in Sources */,
			);
			runOnlyForDeploymentPostprocessing = 0;
		};
		1F7EFA26191B63970074B028 /* Sources */ = {
			isa = PBXSourcesBuildPhase;
			buildActionMask = 2147483647;
			files = (
				1F46E51D198CB78000F87028 /* PBTChooseGenerator.m in Sources */,
				1F35BC451990CA5600BEA6E1 /* PBTStandardReporter.m in Sources */,
				1F8FDBED1987773F0059D31A /* PBTConcreteSequence.m in Sources */,
				1F8FDBFE1989F9DD0059D31A /* PBTSetSpec.mm in Sources */,
				1F59A81E196E900B00957FAA /* NSArray+FastEnumerator.m in Sources */,
				1F3462661924780800AE515C /* PBTConstantRandom.m in Sources */,
				1F6C41271A147431003B6C83 /* PBTGenericGenerators.m in Sources */,
				1F9BA1AD1A11D04D0053B3C5 /* PBTRandomSpec.mm in Sources */,
				1FA94A3B199609D000803AF3 /* PBTSuchThatGenerator.m in Sources */,
				1F8FDBFB1988B4BA0059D31A /* PBTSpecHelper.m in Sources */,
				1F46E515198CB4C000F87028 /* PBTBindGenerator.m in Sources */,
				1F35BC20198D824A00BEA6E1 /* PBTNamedGenerator.m in Sources */,
				1FA94A37199606F800803AF3 /* PBTSuchThatSpec.mm in Sources */,
				1F8FDC011989FE530059D31A /* PBTDictionarySpec.mm in Sources */,
				1FC3B983191B663600AA359B /* PBTPropertySpec.mm in Sources */,
				1F46E511198CB2E800F87028 /* PBTMapGenerator.m in Sources */,
				1F46E50D198CAFAD00F87028 /* PBTPureGenerator.m in Sources */,
				1F61E457196E8AEF003EA164 /* PBTSequenceSpec.mm in Sources */,
				1F6C412B1A147B3D003B6C83 /* PBTDSL.m in Sources */,
				1F50188B1991D37A001AB3A9 /* PBTQueue.m in Sources */,
				1F35BC28198D881900BEA6E1 /* PBTArrayGenerator.m in Sources */,
				1F35BC3C198F7C9A00BEA6E1 /* PBTBlockGenerator.m in Sources */,
				1F2A94F71997383300471B24 /* PBTTransition.m in Sources */,
				1F3462671924780800AE515C /* PBTDeterministicRandom.mm in Sources */,
				1F8FDBEF1987773F0059D31A /* PBTLazySequence.m in Sources */,
				1F50188E1991D406001AB3A9 /* PBTFiniteStateMachineSpec.mm in Sources */,
				1F848B4A1977B8F100F0966E /* PBTArraySpec.mm in Sources */,
				1F9BDD9A19EA54FB00BAF25E /* PBTExecutedCommand.m in Sources */,
				1F35BC24198D838300BEA6E1 /* PBTStringGenerator.m in Sources */,
				1F35BC2F198DB6AA00BEA6E1 /* PBTTupleGeneratorSpec.mm in Sources */,
				1F8FDBF3198777540059D31A /* PBTSequenceEnumerator.m in Sources */,
				1F35BC431990CA5600BEA6E1 /* PBTDebugReporter.m in Sources */,
				1FF5B93F1973BD9000416383 /* PBTRoseTree.m in Sources */,
				1F7EFA32191B63980074B028 /* main.m in Sources */,
				1F848B431977965500F0966E /* PBTPositiveIntegerSpec.mm in Sources */,
				1F848B4619779F6600F0966E /* PBTNegativeIntegerSpec.mm in Sources */,
				1F46E521198CBAF100F87028 /* PBTSequenceGenerator.m in Sources */,
				1F35BC2C198D89DF00BEA6E1 /* PBTTupleGenerator.m in Sources */,
				1F41880019751F0900FEBB8D /* PBTRunnerResult.m in Sources */,
				1F4187FC1975187000FEBB8D /* PBTRunner.m in Sources */,
				1F6C41251A14736F003B6C83 /* PBTGenericSpec.mm in Sources */,
				1F46E519198CB63200F87028 /* PBTSizedGenerator.m in Sources */,
				1F35BC32198DF48A00BEA6E1 /* PBTChooseSpec.mm in Sources */,
				1F8FDC041989FED70059D31A /* PBTStringSpec.mm in Sources */,
				1F35BC38198F78C200BEA6E1 /* PBTRoseTreeSpec.mm in Sources */,
				31B73CF6F20CF5FF10AADAD4 /* PBTSequence.m in Sources */,
				1FA0002B19EB0F71008BB037 /* PBTArray.m in Sources */,
				1F35BC35198DF77400BEA6E1 /* PBTCharacterSpec.mm in Sources */,
				1F61E451196E88A6003EA164 /* PBTReturnSpec.mm in Sources */,
				1FF5B93719737D4600416383 /* PBTIntegerSpec.mm in Sources */,
				31B737BB9E0AE122DAE8BF70 /* PBTQueueRemoveTransition.m in Sources */,
				31B73CC8C2DBD8E91FA49880 /* PBTQueueAddTransition.m in Sources */,
				31B739F4E96E95DB627EF8C3 /* PBTCommand.m in Sources */,
				31B734FE326DCB9B9291BC68 /* PBTPropertyGenerators.m in Sources */,
				31B734BDF31AF37ACAA7EF5A /* PBTPropertyResult.m in Sources */,
				31B739893ED0C6493D0B12C7 /* PBTCoreGenerators.m in Sources */,
				31B73FA23522FA7FC4604F7C /* PBTNumericGenerators.m in Sources */,
				31B73751373E8DF9C946EFA9 /* PBTStringGenerators.m in Sources */,
				1F9BDD9919EA54F400BAF25E /* PBTFiniteStateMachine.m in Sources */,
				31B73119A5F87531FA87A8B0 /* PBTArrayGenerators.m in Sources */,
				31B7361BAB18DA6C12732177 /* PBTSetGenerators.m in Sources */,
				31B739F1774AF3BD251555AE /* PBTDictionaryGenerators.m in Sources */,
				31B73C87EA2A3923327A60FF /* PBTStateMachineGenerators.m in Sources */,
			);
			runOnlyForDeploymentPostprocessing = 0;
		};
		1F9BA1891A11CFA90053B3C5 /* Sources */ = {
			isa = PBXSourcesBuildPhase;
			buildActionMask = 2147483647;
			files = (
				1F9BA1A81A11D0460053B3C5 /* PBTQueue.m in Sources */,
				1F9BA19C1A11CFB70053B3C5 /* PBTIntegerSpec.mm in Sources */,
				1F9BA19D1A11CFB70053B3C5 /* PBTNegativeIntegerSpec.mm in Sources */,
				1F9BA1A01A11CFB70053B3C5 /* PBTSetSpec.mm in Sources */,
				1F9BA1A11A11CFB70053B3C5 /* PBTStringSpec.mm in Sources */,
				1F9BA19A1A11CFB70053B3C5 /* PBTChooseSpec.mm in Sources */,
				1F9BA1AC1A11D04C0053B3C5 /* PBTRandomSpec.mm in Sources */,
				1F9BA1A71A11D0410053B3C5 /* NSArray+FastEnumerator.m in Sources */,
				1F9BA19E1A11CFB70053B3C5 /* PBTPositiveIntegerSpec.mm in Sources */,
				1F9BA1A61A11CFB70053B3C5 /* PBTPropertySpec.mm in Sources */,
				1F9BA1A41A11CFB70053B3C5 /* PBTFiniteStateMachineSpec.mm in Sources */,
				1F9BA1A91A11D0460053B3C5 /* PBTQueueAddTransition.m in Sources */,
				1F9BA1AB1A11D0460053B3C5 /* PBTSpecHelper.m in Sources */,
				1F9BA1AA1A11D0460053B3C5 /* PBTQueueRemoveTransition.m in Sources */,
				1F9BA1A21A11CFB70053B3C5 /* PBTTupleGeneratorSpec.mm in Sources */,
				1F9BA19B1A11CFB70053B3C5 /* PBTDictionarySpec.mm in Sources */,
				1F9BA1A31A11CFB70053B3C5 /* PBTCharacterSpec.mm in Sources */,
				1F9BA19F1A11CFB70053B3C5 /* PBTReturnSpec.mm in Sources */,
				1F9BA1AF1A11D0520053B3C5 /* PBTRoseTreeSpec.mm in Sources */,
				1F9BA1A51A11CFB70053B3C5 /* PBTSuchThatSpec.mm in Sources */,
				1F9BA1AE1A11D0520053B3C5 /* PBTSequenceSpec.mm in Sources */,
				1F9BA1991A11CFB70053B3C5 /* PBTArraySpec.mm in Sources */,
				1F6C41261A14736F003B6C83 /* PBTGenericSpec.mm in Sources */,
			);
			runOnlyForDeploymentPostprocessing = 0;
		};
/* End PBXSourcesBuildPhase section */

/* Begin PBXTargetDependency section */
		1F9BA1951A11CFA90053B3C5 /* PBXTargetDependency */ = {
			isa = PBXTargetDependency;
			target = 1F60160B1919DCE0003D8484 /* PBT */;
			targetProxy = 1F9BA1941A11CFA90053B3C5 /* PBXContainerItemProxy */;
		};
/* End PBXTargetDependency section */

/* Begin XCBuildConfiguration section */
		1F60162D1919DCE0003D8484 /* Debug */ = {
			isa = XCBuildConfiguration;
			buildSettings = {
				ALWAYS_SEARCH_USER_PATHS = NO;
				CLANG_CXX_LANGUAGE_STANDARD = "gnu++0x";
				CLANG_CXX_LIBRARY = "libc++";
				CLANG_ENABLE_MODULES = YES;
				CLANG_ENABLE_OBJC_ARC = YES;
				CLANG_WARN_BOOL_CONVERSION = YES;
				CLANG_WARN_CONSTANT_CONVERSION = YES;
				CLANG_WARN_DIRECT_OBJC_ISA_USAGE = YES_ERROR;
				CLANG_WARN_EMPTY_BODY = YES;
				CLANG_WARN_ENUM_CONVERSION = YES;
				CLANG_WARN_INT_CONVERSION = YES;
				CLANG_WARN_OBJC_ROOT_CLASS = YES_ERROR;
				CLANG_WARN__DUPLICATE_METHOD_MATCH = YES;
				COPY_PHASE_STRIP = NO;
				GCC_C_LANGUAGE_STANDARD = gnu99;
				GCC_DYNAMIC_NO_PIC = NO;
				GCC_OPTIMIZATION_LEVEL = 0;
				GCC_PREPROCESSOR_DEFINITIONS = (
					"DEBUG=1",
					"$(inherited)",
				);
				GCC_SYMBOLS_PRIVATE_EXTERN = NO;
				GCC_TREAT_WARNINGS_AS_ERRORS = YES;
				GCC_WARN_64_TO_32_BIT_CONVERSION = YES;
				GCC_WARN_ABOUT_MISSING_NEWLINE = YES;
				GCC_WARN_ABOUT_RETURN_TYPE = YES_ERROR;
				GCC_WARN_SHADOW = YES;
				GCC_WARN_UNDECLARED_SELECTOR = YES;
				GCC_WARN_UNINITIALIZED_AUTOS = YES_AGGRESSIVE;
				GCC_WARN_UNUSED_FUNCTION = YES;
				GCC_WARN_UNUSED_VARIABLE = YES;
				IPHONEOS_DEPLOYMENT_TARGET = 7.1;
				ONLY_ACTIVE_ARCH = YES;
				SDKROOT = iphoneos;
			};
			name = Debug;
		};
		1F60162E1919DCE0003D8484 /* Release */ = {
			isa = XCBuildConfiguration;
			buildSettings = {
				ALWAYS_SEARCH_USER_PATHS = NO;
				CLANG_CXX_LANGUAGE_STANDARD = "gnu++0x";
				CLANG_CXX_LIBRARY = "libc++";
				CLANG_ENABLE_MODULES = YES;
				CLANG_ENABLE_OBJC_ARC = YES;
				CLANG_WARN_BOOL_CONVERSION = YES;
				CLANG_WARN_CONSTANT_CONVERSION = YES;
				CLANG_WARN_DIRECT_OBJC_ISA_USAGE = YES_ERROR;
				CLANG_WARN_EMPTY_BODY = YES;
				CLANG_WARN_ENUM_CONVERSION = YES;
				CLANG_WARN_INT_CONVERSION = YES;
				CLANG_WARN_OBJC_ROOT_CLASS = YES_ERROR;
				CLANG_WARN__DUPLICATE_METHOD_MATCH = YES;
				COPY_PHASE_STRIP = YES;
				ENABLE_NS_ASSERTIONS = NO;
				GCC_C_LANGUAGE_STANDARD = gnu99;
				GCC_TREAT_WARNINGS_AS_ERRORS = YES;
				GCC_WARN_64_TO_32_BIT_CONVERSION = YES;
				GCC_WARN_ABOUT_MISSING_NEWLINE = YES;
				GCC_WARN_ABOUT_RETURN_TYPE = YES_ERROR;
				GCC_WARN_SHADOW = YES;
				GCC_WARN_UNDECLARED_SELECTOR = YES;
				GCC_WARN_UNINITIALIZED_AUTOS = YES_AGGRESSIVE;
				GCC_WARN_UNUSED_FUNCTION = YES;
				GCC_WARN_UNUSED_VARIABLE = YES;
				IPHONEOS_DEPLOYMENT_TARGET = 7.1;
				SDKROOT = iphoneos;
				VALIDATE_PRODUCT = YES;
			};
			name = Release;
		};
		1F6016301919DCE0003D8484 /* Debug */ = {
			isa = XCBuildConfiguration;
			buildSettings = {
				DSTROOT = /tmp/PBT.dst;
				GCC_PRECOMPILE_PREFIX_HEADER = YES;
				GCC_PREFIX_HEADER = "PBT/PBT-Prefix.pch";
				GCC_WARN_ABOUT_MISSING_NEWLINE = YES;
				GCC_WARN_SHADOW = YES;
				OTHER_LDFLAGS = "-ObjC";
				PRODUCT_NAME = "$(TARGET_NAME)";
				SKIP_INSTALL = YES;
			};
			name = Debug;
		};
		1F6016311919DCE0003D8484 /* Release */ = {
			isa = XCBuildConfiguration;
			buildSettings = {
				DSTROOT = /tmp/PBT.dst;
				GCC_PRECOMPILE_PREFIX_HEADER = YES;
				GCC_PREFIX_HEADER = "PBT/PBT-Prefix.pch";
				GCC_WARN_ABOUT_MISSING_NEWLINE = YES;
				GCC_WARN_SHADOW = YES;
				OTHER_LDFLAGS = "-ObjC";
				PRODUCT_NAME = "$(TARGET_NAME)";
				SKIP_INSTALL = YES;
			};
			name = Release;
		};
		1F7EFA36191B63980074B028 /* Debug */ = {
			isa = XCBuildConfiguration;
			baseConfigurationReference = 20E3FB09FB89C2A364E190C0 /* Pods-PBTOSXSpecs.debug.xcconfig */;
			buildSettings = {
				CLANG_ENABLE_MODULES = YES;
				GCC_ENABLE_OBJC_EXCEPTIONS = YES;
				GCC_PRECOMPILE_PREFIX_HEADER = YES;
				GCC_PREFIX_HEADER = "PBTOSXSpecs/PBTOSXSpecs-Prefix.pch";
				GCC_PREPROCESSOR_DEFINITIONS = (
					"DEBUG=1",
					"$(inherited)",
				);
				LD_RUNPATH_SEARCH_PATHS = "$(inherited) @executable_path/../Frameworks @loader_path/../Frameworks";
				MACOSX_DEPLOYMENT_TARGET = 10.9;
				PRODUCT_NAME = "$(TARGET_NAME)";
				SDKROOT = macosx;
				SWIFT_OPTIMIZATION_LEVEL = "-Onone";
			};
			name = Debug;
		};
		1F7EFA37191B63980074B028 /* Release */ = {
			isa = XCBuildConfiguration;
			baseConfigurationReference = 7C40C1DFBFFBE52D616ED9B8 /* Pods-PBTOSXSpecs.release.xcconfig */;
			buildSettings = {
				CLANG_ENABLE_MODULES = YES;
				DEBUG_INFORMATION_FORMAT = "dwarf-with-dsym";
				GCC_ENABLE_OBJC_EXCEPTIONS = YES;
				GCC_PRECOMPILE_PREFIX_HEADER = YES;
				GCC_PREFIX_HEADER = "PBTOSXSpecs/PBTOSXSpecs-Prefix.pch";
				LD_RUNPATH_SEARCH_PATHS = "$(inherited) @executable_path/../Frameworks @loader_path/../Frameworks";
				MACOSX_DEPLOYMENT_TARGET = 10.9;
				PRODUCT_NAME = "$(TARGET_NAME)";
				SDKROOT = macosx;
			};
			name = Release;
		};
		1F9BA1971A11CFA90053B3C5 /* Debug */ = {
			isa = XCBuildConfiguration;
			baseConfigurationReference = 95D912A77127219F75B3AAD3 /* Pods-PBTSpecs.debug.xcconfig */;
			buildSettings = {
				CLANG_ENABLE_MODULES = YES;
				CLANG_WARN_UNREACHABLE_CODE = YES;
				ENABLE_STRICT_OBJC_MSGSEND = YES;
				FRAMEWORK_SEARCH_PATHS = (
					"$(SDKROOT)/Developer/Library/Frameworks",
					"$(inherited)",
				);
				GCC_PREPROCESSOR_DEFINITIONS = (
					"DEBUG=1",
					"$(inherited)",
				);
				INFOPLIST_FILE = PBTSpecs/Info.plist;
				IPHONEOS_DEPLOYMENT_TARGET = 8.1;
				LD_RUNPATH_SEARCH_PATHS = "$(inherited) @executable_path/Frameworks @loader_path/Frameworks";
				MTL_ENABLE_DEBUG_INFO = YES;
				OTHER_LDFLAGS = (
					"-ObjC",
					"-l\"Pods-PBTSpecs-Cedar\"",
					"-l\"c++\"",
					"-framework",
					XCTest,
				);
				PRODUCT_NAME = "$(TARGET_NAME)";
				SWIFT_OPTIMIZATION_LEVEL = "-Onone";
			};
			name = Debug;
		};
		1F9BA1981A11CFA90053B3C5 /* Release */ = {
			isa = XCBuildConfiguration;
			baseConfigurationReference = 9D2336B261B16AF402A4E0DB /* Pods-PBTSpecs.release.xcconfig */;
			buildSettings = {
				CLANG_ENABLE_MODULES = YES;
				CLANG_WARN_UNREACHABLE_CODE = YES;
				ENABLE_STRICT_OBJC_MSGSEND = YES;
				FRAMEWORK_SEARCH_PATHS = (
					"$(SDKROOT)/Developer/Library/Frameworks",
					"$(inherited)",
				);
				INFOPLIST_FILE = PBTSpecs/Info.plist;
				IPHONEOS_DEPLOYMENT_TARGET = 8.1;
				LD_RUNPATH_SEARCH_PATHS = "$(inherited) @executable_path/Frameworks @loader_path/Frameworks";
				MTL_ENABLE_DEBUG_INFO = NO;
				OTHER_LDFLAGS = (
					"-ObjC",
					"-l\"Pods-PBTSpecs-Cedar\"",
					"-l\"c++\"",
					"-framework",
					XCTest,
				);
				PRODUCT_NAME = "$(TARGET_NAME)";
			};
			name = Release;
		};
/* End XCBuildConfiguration section */

/* Begin XCConfigurationList section */
		1F6016071919DCE0003D8484 /* Build configuration list for PBXProject "PBT" */ = {
			isa = XCConfigurationList;
			buildConfigurations = (
				1F60162D1919DCE0003D8484 /* Debug */,
				1F60162E1919DCE0003D8484 /* Release */,
			);
			defaultConfigurationIsVisible = 0;
			defaultConfigurationName = Release;
		};
		1F60162F1919DCE0003D8484 /* Build configuration list for PBXNativeTarget "PBT" */ = {
			isa = XCConfigurationList;
			buildConfigurations = (
				1F6016301919DCE0003D8484 /* Debug */,
				1F6016311919DCE0003D8484 /* Release */,
			);
			defaultConfigurationIsVisible = 0;
			defaultConfigurationName = Release;
		};
		1F7EFA35191B63980074B028 /* Build configuration list for PBXNativeTarget "PBTOSXSpecs" */ = {
			isa = XCConfigurationList;
			buildConfigurations = (
				1F7EFA36191B63980074B028 /* Debug */,
				1F7EFA37191B63980074B028 /* Release */,
			);
			defaultConfigurationIsVisible = 0;
			defaultConfigurationName = Release;
		};
		1F9BA1961A11CFA90053B3C5 /* Build configuration list for PBXNativeTarget "PBTSpecs" */ = {
			isa = XCConfigurationList;
			buildConfigurations = (
				1F9BA1971A11CFA90053B3C5 /* Debug */,
				1F9BA1981A11CFA90053B3C5 /* Release */,
			);
			defaultConfigurationIsVisible = 0;
			defaultConfigurationName = Release;
		};
/* End XCConfigurationList section */
	};
	rootObject = 1F6016041919DCE0003D8484 /* Project object */;
}
